
Microsoft Visual Studio Solution File, Format Version 12.00
# Visual Studio 15
VisualStudioVersion = 15.0.26124.0
MinimumVisualStudioVersion = 15.0.26124.0
Project("{FAE04EC0-301F-11D3-BF4B-00C04F79EFBC}") = "Penguin.Cms.Email.Templating.Repositories.Local", "Penguin.Cms.Email.Templating.Repositories.Local.csproj", "{43F55E84-EC60-4C21-8125-AA048B014509}"
EndProject
Project("{FAE04EC0-301F-11D3-BF4B-00C04F79EFBC}") = "Penguin.Cms.Email.Local", "..\Penguin.Cms.Email\Penguin.Cms.Email.Local.csproj", "{8C6DB00A-57F3-44C9-AD0C-7BCDFF322958}"
EndProject
Project("{FAE04EC0-301F-11D3-BF4B-00C04F79EFBC}") = "Penguin.Cms.Abstractions.Local", "..\Penguin.Cms.Abstractions\Penguin.Cms.Abstractions.Local.csproj", "{47FCA0A5-EB41-48C3-AE6A-69D0E500FF7F}"
EndProject
Project("{FAE04EC0-301F-11D3-BF4B-00C04F79EFBC}") = "Penguin.DependencyInjection.Abstractions.Local", "..\Penguin.DependencyInjection.Abstractions\Penguin.DependencyInjection.Abstractions.Local.csproj", "{8CEDEA3B-79D6-47CF-B186-00882FB1FCF3}"
EndProject
Project("{FAE04EC0-301F-11D3-BF4B-00C04F79EFBC}") = "Penguin.Persistence.Abstractions.Local", "..\Penguin.Persistence.Abstractions\Penguin.Persistence.Abstractions.Local.csproj", "{815875E0-4C3C-4908-BD83-BA1301F61E2B}"
EndProject
Project("{FAE04EC0-301F-11D3-BF4B-00C04F79EFBC}") = "Penguin.Entities.Abstractions.Local", "..\Penguin.Entities.Abstractions\Penguin.Entities.Abstractions.Local.csproj", "{21A95E83-4435-48CC-B85C-20347655468D}"
EndProject
Project("{FAE04EC0-301F-11D3-BF4B-00C04F79EFBC}") = "Penguin.Reflection.Extensions.Local", "..\Penguin.Reflection.Extensions\Penguin.Reflection.Extensions.Local.csproj", "{075DA608-2385-403D-9D28-72FB8423745C}"
EndProject
Project("{FAE04EC0-301F-11D3-BF4B-00C04F79EFBC}") = "Penguin.Extensions.String.Local", "..\Penguin.Extensions.String\Penguin.Extensions.String.Local.csproj", "{D8AFD766-D97F-4208-899C-BE47007A069C}"
EndProject
Project("{FAE04EC0-301F-11D3-BF4B-00C04F79EFBC}") = "Penguin.Reflection.Abstractions.Local", "..\Penguin.Reflection.Abstractions\Penguin.Reflection.Abstractions.Local.csproj", "{6211A319-821C-409D-B376-E22A68FCA13D}"
EndProject
Project("{FAE04EC0-301F-11D3-BF4B-00C04F79EFBC}") = "Penguin.Cms.Email.Abstractions.Local", "..\Penguin.Cms.Email.Abstractions\Penguin.Cms.Email.Abstractions.Local.csproj", "{4A4EEE3F-8B38-438B-A2BC-BBDB63FC796A}"
EndProject
Project("{FAE04EC0-301F-11D3-BF4B-00C04F79EFBC}") = "Penguin.Email.Abstractions.Local", "..\Penguin.Email.Abstractions\Penguin.Email.Abstractions.Local.csproj", "{7410F37E-307F-403C-B3B7-E5DB9F7078B2}"
EndProject
Project("{FAE04EC0-301F-11D3-BF4B-00C04F79EFBC}") = "Penguin.Files.Abstractions.Local", "..\Penguin.Files.Abstractions\Penguin.Files.Abstractions.Local.csproj", "{C19CB92A-30BC-4E5D-A14E-0F763334ED03}"
EndProject
Project("{FAE04EC0-301F-11D3-BF4B-00C04F79EFBC}") = "Penguin.Cms.Files.Local", "..\Penguin.Cms.Files\Penguin.Cms.Files.Local.csproj", "{812F822F-78DA-4AD3-BE0F-BC64D876F1BD}"
EndProject
Project("{FAE04EC0-301F-11D3-BF4B-00C04F79EFBC}") = "Penguin.Cms.Entities.Local", "..\Penguin.Cms.Entities\Penguin.Cms.Entities.Local.csproj", "{1501C9CF-FBBF-42AA-86A7-5C68B211B903}"
EndProject
Project("{FAE04EC0-301F-11D3-BF4B-00C04F79EFBC}") = "Penguin.Configuration.Abstractions.Local", "..\Penguin.Configuration.Abstractions\Penguin.Configuration.Abstractions.Local.csproj", "{57ECDAE0-076B-41F1-9966-F75E47D34842}"
EndProject
Project("{FAE04EC0-301F-11D3-BF4B-00C04F79EFBC}") = "Penguin.Email.Local", "..\Penguin.Email\Penguin.Email.Local.csproj", "{928ECDAC-AF48-4C89-9279-9202CE1CF230}"
EndProject
Project("{FAE04EC0-301F-11D3-BF4B-00C04F79EFBC}") = "Penguin.Web.Data.Local", "..\Penguin.Web.Data\Penguin.Web.Data.Local.csproj", "{B5000FEC-4C0D-4376-9527-077B3E32584C}"
EndProject
Project("{FAE04EC0-301F-11D3-BF4B-00C04F79EFBC}") = "Penguin.Cms.Email.Templating.Local", "..\Penguin.Cms.Email.Templating\Penguin.Cms.Email.Templating.Local.csproj", "{F2A68AD2-DFC5-42BF-BAC3-107806923C60}"
EndProject
Project("{FAE04EC0-301F-11D3-BF4B-00C04F79EFBC}") = "Penguin.Email.Templating.Abstractions.Local", "..\Penguin.Email.Templating.Abstractions\Penguin.Email.Templating.Abstractions.Local.csproj", "{EDC7693E-FF82-42ED-8483-282CC9D12D97}"
EndProject
Project("{FAE04EC0-301F-11D3-BF4B-00C04F79EFBC}") = "Penguin.Templating.Abstractions.Local", "..\Penguin.Templating.Abstractions\Penguin.Templating.Abstractions.Local.csproj", "{62E2B8F2-B33B-41DC-841B-1ECE93330ED8}"
EndProject
Project("{FAE04EC0-301F-11D3-BF4B-00C04F79EFBC}") = "Penguin.Cms.Repositories.Local", "..\Penguin.Cms.Repositories\Penguin.Cms.Repositories.Local.csproj", "{395E174E-7A56-442C-9487-7C89F25DB3E2}"
EndProject
Project("{FAE04EC0-301F-11D3-BF4B-00C04F79EFBC}") = "Penguin.Messaging.Core.Local", "..\Penguin.Messaging.Core\Penguin.Messaging.Core.Local.csproj", "{9C2DC7A7-3F28-40B8-ABB0-9ED25CF3CD0B}"
EndProject
Project("{FAE04EC0-301F-11D3-BF4B-00C04F79EFBC}") = "Penguin.Debugging.Local", "..\Penguin.Debugging\Penguin.Debugging.Local.csproj", "{AA6664F6-73AA-47CD-A89C-9094F152218B}"
EndProject
Project("{FAE04EC0-301F-11D3-BF4B-00C04F79EFBC}") = "Penguin.Extensions.Exceptions.Local", "..\Penguin.Extensions.Exceptions\Penguin.Extensions.Exceptions.Local.csproj", "{4003EDFC-2903-4208-8AF0-C66E1B775FE8}"
EndProject
Project("{FAE04EC0-301F-11D3-BF4B-00C04F79EFBC}") = "Penguin.Messaging.Abstractions.Local", "..\Penguin.Messaging.Abstractions\Penguin.Messaging.Abstractions.Local.csproj", "{D017AE43-95C0-41B7-A4D6-4B429D3D4CDC}"
EndProject
Project("{FAE04EC0-301F-11D3-BF4B-00C04F79EFBC}") = "Penguin.Persistence.Repositories.Local", "..\Penguin.Persistence.Repositories\Penguin.Persistence.Repositories.Local.csproj", "{2BE97743-B966-4D3E-8F28-53219F05C2D3}"
EndProject
Project("{FAE04EC0-301F-11D3-BF4B-00C04F79EFBC}") = "Penguin.Messaging.Persistence.Local", "..\Penguin.Messaging.Persistence\Penguin.Messaging.Persistence.Local.csproj", "{46C5EC1F-FAA4-44F9-AB83-0562BA9BAB70}"
EndProject
Project("{FAE04EC0-301F-11D3-BF4B-00C04F79EFBC}") = "Penguin.Reflection.Local", "..\Penguin.Reflection\Penguin.Reflection.Local.csproj", "{F329F0E3-0C4D-4D5A-86B1-6FD564A664C6}"
EndProject
Global
	GlobalSection(SolutionConfigurationPlatforms) = preSolution
		Debug|Any CPU = Debug|Any CPU
		Debug|x64 = Debug|x64
		Debug|x86 = Debug|x86
		Release|Any CPU = Release|Any CPU
		Release|x64 = Release|x64
		Release|x86 = Release|x86
	EndGlobalSection
	GlobalSection(SolutionProperties) = preSolution
		HideSolutionNode = FALSE
	EndGlobalSection
	GlobalSection(ProjectConfigurationPlatforms) = postSolution
		{43F55E84-EC60-4C21-8125-AA048B014509}.Debug|Any CPU.ActiveCfg = Debug|Any CPU
		{43F55E84-EC60-4C21-8125-AA048B014509}.Debug|Any CPU.Build.0 = Debug|Any CPU
		{43F55E84-EC60-4C21-8125-AA048B014509}.Debug|x64.ActiveCfg = Debug|Any CPU
		{43F55E84-EC60-4C21-8125-AA048B014509}.Debug|x64.Build.0 = Debug|Any CPU
		{43F55E84-EC60-4C21-8125-AA048B014509}.Debug|x86.ActiveCfg = Debug|Any CPU
		{43F55E84-EC60-4C21-8125-AA048B014509}.Debug|x86.Build.0 = Debug|Any CPU
		{43F55E84-EC60-4C21-8125-AA048B014509}.Release|Any CPU.ActiveCfg = Release|Any CPU
		{43F55E84-EC60-4C21-8125-AA048B014509}.Release|Any CPU.Build.0 = Release|Any CPU
		{43F55E84-EC60-4C21-8125-AA048B014509}.Release|x64.ActiveCfg = Release|Any CPU
		{43F55E84-EC60-4C21-8125-AA048B014509}.Release|x64.Build.0 = Release|Any CPU
		{43F55E84-EC60-4C21-8125-AA048B014509}.Release|x86.ActiveCfg = Release|Any CPU
		{43F55E84-EC60-4C21-8125-AA048B014509}.Release|x86.Build.0 = Release|Any CPU
		{8C6DB00A-57F3-44C9-AD0C-7BCDFF322958}.Debug|Any CPU.ActiveCfg = Debug|Any CPU
		{8C6DB00A-57F3-44C9-AD0C-7BCDFF322958}.Debug|Any CPU.Build.0 = Debug|Any CPU
		{8C6DB00A-57F3-44C9-AD0C-7BCDFF322958}.Debug|x64.ActiveCfg = Debug|Any CPU
		{8C6DB00A-57F3-44C9-AD0C-7BCDFF322958}.Debug|x64.Build.0 = Debug|Any CPU
		{8C6DB00A-57F3-44C9-AD0C-7BCDFF322958}.Debug|x86.ActiveCfg = Debug|Any CPU
		{8C6DB00A-57F3-44C9-AD0C-7BCDFF322958}.Debug|x86.Build.0 = Debug|Any CPU
		{8C6DB00A-57F3-44C9-AD0C-7BCDFF322958}.Release|Any CPU.ActiveCfg = Release|Any CPU
		{8C6DB00A-57F3-44C9-AD0C-7BCDFF322958}.Release|Any CPU.Build.0 = Release|Any CPU
		{8C6DB00A-57F3-44C9-AD0C-7BCDFF322958}.Release|x64.ActiveCfg = Release|Any CPU
		{8C6DB00A-57F3-44C9-AD0C-7BCDFF322958}.Release|x64.Build.0 = Release|Any CPU
		{8C6DB00A-57F3-44C9-AD0C-7BCDFF322958}.Release|x86.ActiveCfg = Release|Any CPU
		{8C6DB00A-57F3-44C9-AD0C-7BCDFF322958}.Release|x86.Build.0 = Release|Any CPU
		{47FCA0A5-EB41-48C3-AE6A-69D0E500FF7F}.Debug|Any CPU.ActiveCfg = Debug|Any CPU
		{47FCA0A5-EB41-48C3-AE6A-69D0E500FF7F}.Debug|Any CPU.Build.0 = Debug|Any CPU
		{47FCA0A5-EB41-48C3-AE6A-69D0E500FF7F}.Debug|x64.ActiveCfg = Debug|Any CPU
		{47FCA0A5-EB41-48C3-AE6A-69D0E500FF7F}.Debug|x64.Build.0 = Debug|Any CPU
		{47FCA0A5-EB41-48C3-AE6A-69D0E500FF7F}.Debug|x86.ActiveCfg = Debug|Any CPU
		{47FCA0A5-EB41-48C3-AE6A-69D0E500FF7F}.Debug|x86.Build.0 = Debug|Any CPU
		{47FCA0A5-EB41-48C3-AE6A-69D0E500FF7F}.Release|Any CPU.ActiveCfg = Release|Any CPU
		{47FCA0A5-EB41-48C3-AE6A-69D0E500FF7F}.Release|Any CPU.Build.0 = Release|Any CPU
		{47FCA0A5-EB41-48C3-AE6A-69D0E500FF7F}.Release|x64.ActiveCfg = Release|Any CPU
		{47FCA0A5-EB41-48C3-AE6A-69D0E500FF7F}.Release|x64.Build.0 = Release|Any CPU
		{47FCA0A5-EB41-48C3-AE6A-69D0E500FF7F}.Release|x86.ActiveCfg = Release|Any CPU
		{47FCA0A5-EB41-48C3-AE6A-69D0E500FF7F}.Release|x86.Build.0 = Release|Any CPU
		{8CEDEA3B-79D6-47CF-B186-00882FB1FCF3}.Debug|Any CPU.ActiveCfg = Debug|Any CPU
		{8CEDEA3B-79D6-47CF-B186-00882FB1FCF3}.Debug|Any CPU.Build.0 = Debug|Any CPU
		{8CEDEA3B-79D6-47CF-B186-00882FB1FCF3}.Debug|x64.ActiveCfg = Debug|Any CPU
		{8CEDEA3B-79D6-47CF-B186-00882FB1FCF3}.Debug|x64.Build.0 = Debug|Any CPU
		{8CEDEA3B-79D6-47CF-B186-00882FB1FCF3}.Debug|x86.ActiveCfg = Debug|Any CPU
		{8CEDEA3B-79D6-47CF-B186-00882FB1FCF3}.Debug|x86.Build.0 = Debug|Any CPU
		{8CEDEA3B-79D6-47CF-B186-00882FB1FCF3}.Release|Any CPU.ActiveCfg = Release|Any CPU
		{8CEDEA3B-79D6-47CF-B186-00882FB1FCF3}.Release|Any CPU.Build.0 = Release|Any CPU
		{8CEDEA3B-79D6-47CF-B186-00882FB1FCF3}.Release|x64.ActiveCfg = Release|Any CPU
		{8CEDEA3B-79D6-47CF-B186-00882FB1FCF3}.Release|x64.Build.0 = Release|Any CPU
		{8CEDEA3B-79D6-47CF-B186-00882FB1FCF3}.Release|x86.ActiveCfg = Release|Any CPU
		{8CEDEA3B-79D6-47CF-B186-00882FB1FCF3}.Release|x86.Build.0 = Release|Any CPU
		{815875E0-4C3C-4908-BD83-BA1301F61E2B}.Debug|Any CPU.ActiveCfg = Debug|Any CPU
		{815875E0-4C3C-4908-BD83-BA1301F61E2B}.Debug|Any CPU.Build.0 = Debug|Any CPU
		{815875E0-4C3C-4908-BD83-BA1301F61E2B}.Debug|x64.ActiveCfg = Debug|Any CPU
		{815875E0-4C3C-4908-BD83-BA1301F61E2B}.Debug|x64.Build.0 = Debug|Any CPU
		{815875E0-4C3C-4908-BD83-BA1301F61E2B}.Debug|x86.ActiveCfg = Debug|Any CPU
		{815875E0-4C3C-4908-BD83-BA1301F61E2B}.Debug|x86.Build.0 = Debug|Any CPU
		{815875E0-4C3C-4908-BD83-BA1301F61E2B}.Release|Any CPU.ActiveCfg = Release|Any CPU
		{815875E0-4C3C-4908-BD83-BA1301F61E2B}.Release|Any CPU.Build.0 = Release|Any CPU
		{815875E0-4C3C-4908-BD83-BA1301F61E2B}.Release|x64.ActiveCfg = Release|Any CPU
		{815875E0-4C3C-4908-BD83-BA1301F61E2B}.Release|x64.Build.0 = Release|Any CPU
		{815875E0-4C3C-4908-BD83-BA1301F61E2B}.Release|x86.ActiveCfg = Release|Any CPU
		{815875E0-4C3C-4908-BD83-BA1301F61E2B}.Release|x86.Build.0 = Release|Any CPU
		{21A95E83-4435-48CC-B85C-20347655468D}.Debug|Any CPU.ActiveCfg = Debug|Any CPU
		{21A95E83-4435-48CC-B85C-20347655468D}.Debug|Any CPU.Build.0 = Debug|Any CPU
		{21A95E83-4435-48CC-B85C-20347655468D}.Debug|x64.ActiveCfg = Debug|Any CPU
		{21A95E83-4435-48CC-B85C-20347655468D}.Debug|x64.Build.0 = Debug|Any CPU
		{21A95E83-4435-48CC-B85C-20347655468D}.Debug|x86.ActiveCfg = Debug|Any CPU
		{21A95E83-4435-48CC-B85C-20347655468D}.Debug|x86.Build.0 = Debug|Any CPU
		{21A95E83-4435-48CC-B85C-20347655468D}.Release|Any CPU.ActiveCfg = Release|Any CPU
		{21A95E83-4435-48CC-B85C-20347655468D}.Release|Any CPU.Build.0 = Release|Any CPU
		{21A95E83-4435-48CC-B85C-20347655468D}.Release|x64.ActiveCfg = Release|Any CPU
		{21A95E83-4435-48CC-B85C-20347655468D}.Release|x64.Build.0 = Release|Any CPU
		{21A95E83-4435-48CC-B85C-20347655468D}.Release|x86.ActiveCfg = Release|Any CPU
		{21A95E83-4435-48CC-B85C-20347655468D}.Release|x86.Build.0 = Release|Any CPU
		{075DA608-2385-403D-9D28-72FB8423745C}.Debug|Any CPU.ActiveCfg = Debug|Any CPU
		{075DA608-2385-403D-9D28-72FB8423745C}.Debug|Any CPU.Build.0 = Debug|Any CPU
		{075DA608-2385-403D-9D28-72FB8423745C}.Debug|x64.ActiveCfg = Debug|Any CPU
		{075DA608-2385-403D-9D28-72FB8423745C}.Debug|x64.Build.0 = Debug|Any CPU
		{075DA608-2385-403D-9D28-72FB8423745C}.Debug|x86.ActiveCfg = Debug|Any CPU
		{075DA608-2385-403D-9D28-72FB8423745C}.Debug|x86.Build.0 = Debug|Any CPU
		{075DA608-2385-403D-9D28-72FB8423745C}.Release|Any CPU.ActiveCfg = Release|Any CPU
		{075DA608-2385-403D-9D28-72FB8423745C}.Release|Any CPU.Build.0 = Release|Any CPU
		{075DA608-2385-403D-9D28-72FB8423745C}.Release|x64.ActiveCfg = Release|Any CPU
		{075DA608-2385-403D-9D28-72FB8423745C}.Release|x64.Build.0 = Release|Any CPU
		{075DA608-2385-403D-9D28-72FB8423745C}.Release|x86.ActiveCfg = Release|Any CPU
		{075DA608-2385-403D-9D28-72FB8423745C}.Release|x86.Build.0 = Release|Any CPU
		{D8AFD766-D97F-4208-899C-BE47007A069C}.Debug|Any CPU.ActiveCfg = Debug|Any CPU
		{D8AFD766-D97F-4208-899C-BE47007A069C}.Debug|Any CPU.Build.0 = Debug|Any CPU
		{D8AFD766-D97F-4208-899C-BE47007A069C}.Debug|x64.ActiveCfg = Debug|Any CPU
		{D8AFD766-D97F-4208-899C-BE47007A069C}.Debug|x64.Build.0 = Debug|Any CPU
		{D8AFD766-D97F-4208-899C-BE47007A069C}.Debug|x86.ActiveCfg = Debug|Any CPU
		{D8AFD766-D97F-4208-899C-BE47007A069C}.Debug|x86.Build.0 = Debug|Any CPU
		{D8AFD766-D97F-4208-899C-BE47007A069C}.Release|Any CPU.ActiveCfg = Release|Any CPU
		{D8AFD766-D97F-4208-899C-BE47007A069C}.Release|Any CPU.Build.0 = Release|Any CPU
		{D8AFD766-D97F-4208-899C-BE47007A069C}.Release|x64.ActiveCfg = Release|Any CPU
		{D8AFD766-D97F-4208-899C-BE47007A069C}.Release|x64.Build.0 = Release|Any CPU
		{D8AFD766-D97F-4208-899C-BE47007A069C}.Release|x86.ActiveCfg = Release|Any CPU
		{D8AFD766-D97F-4208-899C-BE47007A069C}.Release|x86.Build.0 = Release|Any CPU
		{6211A319-821C-409D-B376-E22A68FCA13D}.Debug|Any CPU.ActiveCfg = Debug|Any CPU
		{6211A319-821C-409D-B376-E22A68FCA13D}.Debug|Any CPU.Build.0 = Debug|Any CPU
		{6211A319-821C-409D-B376-E22A68FCA13D}.Debug|x64.ActiveCfg = Debug|Any CPU
		{6211A319-821C-409D-B376-E22A68FCA13D}.Debug|x64.Build.0 = Debug|Any CPU
		{6211A319-821C-409D-B376-E22A68FCA13D}.Debug|x86.ActiveCfg = Debug|Any CPU
		{6211A319-821C-409D-B376-E22A68FCA13D}.Debug|x86.Build.0 = Debug|Any CPU
		{6211A319-821C-409D-B376-E22A68FCA13D}.Release|Any CPU.ActiveCfg = Release|Any CPU
		{6211A319-821C-409D-B376-E22A68FCA13D}.Release|Any CPU.Build.0 = Release|Any CPU
		{6211A319-821C-409D-B376-E22A68FCA13D}.Release|x64.ActiveCfg = Release|Any CPU
		{6211A319-821C-409D-B376-E22A68FCA13D}.Release|x64.Build.0 = Release|Any CPU
		{6211A319-821C-409D-B376-E22A68FCA13D}.Release|x86.ActiveCfg = Release|Any CPU
		{6211A319-821C-409D-B376-E22A68FCA13D}.Release|x86.Build.0 = Release|Any CPU
		{4A4EEE3F-8B38-438B-A2BC-BBDB63FC796A}.Debug|Any CPU.ActiveCfg = Debug|Any CPU
		{4A4EEE3F-8B38-438B-A2BC-BBDB63FC796A}.Debug|Any CPU.Build.0 = Debug|Any CPU
		{4A4EEE3F-8B38-438B-A2BC-BBDB63FC796A}.Debug|x64.ActiveCfg = Debug|Any CPU
		{4A4EEE3F-8B38-438B-A2BC-BBDB63FC796A}.Debug|x64.Build.0 = Debug|Any CPU
		{4A4EEE3F-8B38-438B-A2BC-BBDB63FC796A}.Debug|x86.ActiveCfg = Debug|Any CPU
		{4A4EEE3F-8B38-438B-A2BC-BBDB63FC796A}.Debug|x86.Build.0 = Debug|Any CPU
		{4A4EEE3F-8B38-438B-A2BC-BBDB63FC796A}.Release|Any CPU.ActiveCfg = Release|Any CPU
		{4A4EEE3F-8B38-438B-A2BC-BBDB63FC796A}.Release|Any CPU.Build.0 = Release|Any CPU
		{4A4EEE3F-8B38-438B-A2BC-BBDB63FC796A}.Release|x64.ActiveCfg = Release|Any CPU
		{4A4EEE3F-8B38-438B-A2BC-BBDB63FC796A}.Release|x64.Build.0 = Release|Any CPU
		{4A4EEE3F-8B38-438B-A2BC-BBDB63FC796A}.Release|x86.ActiveCfg = Release|Any CPU
		{4A4EEE3F-8B38-438B-A2BC-BBDB63FC796A}.Release|x86.Build.0 = Release|Any CPU
		{7410F37E-307F-403C-B3B7-E5DB9F7078B2}.Debug|Any CPU.ActiveCfg = Debug|Any CPU
		{7410F37E-307F-403C-B3B7-E5DB9F7078B2}.Debug|Any CPU.Build.0 = Debug|Any CPU
		{7410F37E-307F-403C-B3B7-E5DB9F7078B2}.Debug|x64.ActiveCfg = Debug|Any CPU
		{7410F37E-307F-403C-B3B7-E5DB9F7078B2}.Debug|x64.Build.0 = Debug|Any CPU
		{7410F37E-307F-403C-B3B7-E5DB9F7078B2}.Debug|x86.ActiveCfg = Debug|Any CPU
		{7410F37E-307F-403C-B3B7-E5DB9F7078B2}.Debug|x86.Build.0 = Debug|Any CPU
		{7410F37E-307F-403C-B3B7-E5DB9F7078B2}.Release|Any CPU.ActiveCfg = Release|Any CPU
		{7410F37E-307F-403C-B3B7-E5DB9F7078B2}.Release|Any CPU.Build.0 = Release|Any CPU
		{7410F37E-307F-403C-B3B7-E5DB9F7078B2}.Release|x64.ActiveCfg = Release|Any CPU
		{7410F37E-307F-403C-B3B7-E5DB9F7078B2}.Release|x64.Build.0 = Release|Any CPU
		{7410F37E-307F-403C-B3B7-E5DB9F7078B2}.Release|x86.ActiveCfg = Release|Any CPU
		{7410F37E-307F-403C-B3B7-E5DB9F7078B2}.Release|x86.Build.0 = Release|Any CPU
		{C19CB92A-30BC-4E5D-A14E-0F763334ED03}.Debug|Any CPU.ActiveCfg = Debug|Any CPU
		{C19CB92A-30BC-4E5D-A14E-0F763334ED03}.Debug|Any CPU.Build.0 = Debug|Any CPU
		{C19CB92A-30BC-4E5D-A14E-0F763334ED03}.Debug|x64.ActiveCfg = Debug|Any CPU
		{C19CB92A-30BC-4E5D-A14E-0F763334ED03}.Debug|x64.Build.0 = Debug|Any CPU
		{C19CB92A-30BC-4E5D-A14E-0F763334ED03}.Debug|x86.ActiveCfg = Debug|Any CPU
		{C19CB92A-30BC-4E5D-A14E-0F763334ED03}.Debug|x86.Build.0 = Debug|Any CPU
		{C19CB92A-30BC-4E5D-A14E-0F763334ED03}.Release|Any CPU.ActiveCfg = Release|Any CPU
		{C19CB92A-30BC-4E5D-A14E-0F763334ED03}.Release|Any CPU.Build.0 = Release|Any CPU
		{C19CB92A-30BC-4E5D-A14E-0F763334ED03}.Release|x64.ActiveCfg = Release|Any CPU
		{C19CB92A-30BC-4E5D-A14E-0F763334ED03}.Release|x64.Build.0 = Release|Any CPU
		{C19CB92A-30BC-4E5D-A14E-0F763334ED03}.Release|x86.ActiveCfg = Release|Any CPU
		{C19CB92A-30BC-4E5D-A14E-0F763334ED03}.Release|x86.Build.0 = Release|Any CPU
		{812F822F-78DA-4AD3-BE0F-BC64D876F1BD}.Debug|Any CPU.ActiveCfg = Debug|Any CPU
		{812F822F-78DA-4AD3-BE0F-BC64D876F1BD}.Debug|Any CPU.Build.0 = Debug|Any CPU
		{812F822F-78DA-4AD3-BE0F-BC64D876F1BD}.Debug|x64.ActiveCfg = Debug|Any CPU
		{812F822F-78DA-4AD3-BE0F-BC64D876F1BD}.Debug|x64.Build.0 = Debug|Any CPU
		{812F822F-78DA-4AD3-BE0F-BC64D876F1BD}.Debug|x86.ActiveCfg = Debug|Any CPU
		{812F822F-78DA-4AD3-BE0F-BC64D876F1BD}.Debug|x86.Build.0 = Debug|Any CPU
		{812F822F-78DA-4AD3-BE0F-BC64D876F1BD}.Release|Any CPU.ActiveCfg = Release|Any CPU
		{812F822F-78DA-4AD3-BE0F-BC64D876F1BD}.Release|Any CPU.Build.0 = Release|Any CPU
		{812F822F-78DA-4AD3-BE0F-BC64D876F1BD}.Release|x64.ActiveCfg = Release|Any CPU
		{812F822F-78DA-4AD3-BE0F-BC64D876F1BD}.Release|x64.Build.0 = Release|Any CPU
		{812F822F-78DA-4AD3-BE0F-BC64D876F1BD}.Release|x86.ActiveCfg = Release|Any CPU
		{812F822F-78DA-4AD3-BE0F-BC64D876F1BD}.Release|x86.Build.0 = Release|Any CPU
		{1501C9CF-FBBF-42AA-86A7-5C68B211B903}.Debug|Any CPU.ActiveCfg = Debug|Any CPU
		{1501C9CF-FBBF-42AA-86A7-5C68B211B903}.Debug|Any CPU.Build.0 = Debug|Any CPU
		{1501C9CF-FBBF-42AA-86A7-5C68B211B903}.Debug|x64.ActiveCfg = Debug|Any CPU
		{1501C9CF-FBBF-42AA-86A7-5C68B211B903}.Debug|x64.Build.0 = Debug|Any CPU
		{1501C9CF-FBBF-42AA-86A7-5C68B211B903}.Debug|x86.ActiveCfg = Debug|Any CPU
		{1501C9CF-FBBF-42AA-86A7-5C68B211B903}.Debug|x86.Build.0 = Debug|Any CPU
		{1501C9CF-FBBF-42AA-86A7-5C68B211B903}.Release|Any CPU.ActiveCfg = Release|Any CPU
		{1501C9CF-FBBF-42AA-86A7-5C68B211B903}.Release|Any CPU.Build.0 = Release|Any CPU
		{1501C9CF-FBBF-42AA-86A7-5C68B211B903}.Release|x64.ActiveCfg = Release|Any CPU
		{1501C9CF-FBBF-42AA-86A7-5C68B211B903}.Release|x64.Build.0 = Release|Any CPU
		{1501C9CF-FBBF-42AA-86A7-5C68B211B903}.Release|x86.ActiveCfg = Release|Any CPU
		{1501C9CF-FBBF-42AA-86A7-5C68B211B903}.Release|x86.Build.0 = Release|Any CPU
		{57ECDAE0-076B-41F1-9966-F75E47D34842}.Debug|Any CPU.ActiveCfg = Debug|Any CPU
		{57ECDAE0-076B-41F1-9966-F75E47D34842}.Debug|Any CPU.Build.0 = Debug|Any CPU
		{57ECDAE0-076B-41F1-9966-F75E47D34842}.Debug|x64.ActiveCfg = Debug|Any CPU
		{57ECDAE0-076B-41F1-9966-F75E47D34842}.Debug|x64.Build.0 = Debug|Any CPU
		{57ECDAE0-076B-41F1-9966-F75E47D34842}.Debug|x86.ActiveCfg = Debug|Any CPU
		{57ECDAE0-076B-41F1-9966-F75E47D34842}.Debug|x86.Build.0 = Debug|Any CPU
		{57ECDAE0-076B-41F1-9966-F75E47D34842}.Release|Any CPU.ActiveCfg = Release|Any CPU
		{57ECDAE0-076B-41F1-9966-F75E47D34842}.Release|Any CPU.Build.0 = Release|Any CPU
		{57ECDAE0-076B-41F1-9966-F75E47D34842}.Release|x64.ActiveCfg = Release|Any CPU
		{57ECDAE0-076B-41F1-9966-F75E47D34842}.Release|x64.Build.0 = Release|Any CPU
		{57ECDAE0-076B-41F1-9966-F75E47D34842}.Release|x86.ActiveCfg = Release|Any CPU
		{57ECDAE0-076B-41F1-9966-F75E47D34842}.Release|x86.Build.0 = Release|Any CPU
		{928ECDAC-AF48-4C89-9279-9202CE1CF230}.Debug|Any CPU.ActiveCfg = Debug|Any CPU
		{928ECDAC-AF48-4C89-9279-9202CE1CF230}.Debug|Any CPU.Build.0 = Debug|Any CPU
		{928ECDAC-AF48-4C89-9279-9202CE1CF230}.Debug|x64.ActiveCfg = Debug|Any CPU
		{928ECDAC-AF48-4C89-9279-9202CE1CF230}.Debug|x64.Build.0 = Debug|Any CPU
		{928ECDAC-AF48-4C89-9279-9202CE1CF230}.Debug|x86.ActiveCfg = Debug|Any CPU
		{928ECDAC-AF48-4C89-9279-9202CE1CF230}.Debug|x86.Build.0 = Debug|Any CPU
		{928ECDAC-AF48-4C89-9279-9202CE1CF230}.Release|Any CPU.ActiveCfg = Release|Any CPU
		{928ECDAC-AF48-4C89-9279-9202CE1CF230}.Release|Any CPU.Build.0 = Release|Any CPU
		{928ECDAC-AF48-4C89-9279-9202CE1CF230}.Release|x64.ActiveCfg = Release|Any CPU
		{928ECDAC-AF48-4C89-9279-9202CE1CF230}.Release|x64.Build.0 = Release|Any CPU
		{928ECDAC-AF48-4C89-9279-9202CE1CF230}.Release|x86.ActiveCfg = Release|Any CPU
		{928ECDAC-AF48-4C89-9279-9202CE1CF230}.Release|x86.Build.0 = Release|Any CPU
		{B5000FEC-4C0D-4376-9527-077B3E32584C}.Debug|Any CPU.ActiveCfg = Debug|Any CPU
		{B5000FEC-4C0D-4376-9527-077B3E32584C}.Debug|Any CPU.Build.0 = Debug|Any CPU
		{B5000FEC-4C0D-4376-9527-077B3E32584C}.Debug|x64.ActiveCfg = Debug|Any CPU
		{B5000FEC-4C0D-4376-9527-077B3E32584C}.Debug|x64.Build.0 = Debug|Any CPU
		{B5000FEC-4C0D-4376-9527-077B3E32584C}.Debug|x86.ActiveCfg = Debug|Any CPU
		{B5000FEC-4C0D-4376-9527-077B3E32584C}.Debug|x86.Build.0 = Debug|Any CPU
		{B5000FEC-4C0D-4376-9527-077B3E32584C}.Release|Any CPU.ActiveCfg = Release|Any CPU
		{B5000FEC-4C0D-4376-9527-077B3E32584C}.Release|Any CPU.Build.0 = Release|Any CPU
		{B5000FEC-4C0D-4376-9527-077B3E32584C}.Release|x64.ActiveCfg = Release|Any CPU
		{B5000FEC-4C0D-4376-9527-077B3E32584C}.Release|x64.Build.0 = Release|Any CPU
		{B5000FEC-4C0D-4376-9527-077B3E32584C}.Release|x86.ActiveCfg = Release|Any CPU
		{B5000FEC-4C0D-4376-9527-077B3E32584C}.Release|x86.Build.0 = Release|Any CPU
		{F2A68AD2-DFC5-42BF-BAC3-107806923C60}.Debug|Any CPU.ActiveCfg = Debug|Any CPU
		{F2A68AD2-DFC5-42BF-BAC3-107806923C60}.Debug|Any CPU.Build.0 = Debug|Any CPU
		{F2A68AD2-DFC5-42BF-BAC3-107806923C60}.Debug|x64.ActiveCfg = Debug|Any CPU
		{F2A68AD2-DFC5-42BF-BAC3-107806923C60}.Debug|x64.Build.0 = Debug|Any CPU
		{F2A68AD2-DFC5-42BF-BAC3-107806923C60}.Debug|x86.ActiveCfg = Debug|Any CPU
		{F2A68AD2-DFC5-42BF-BAC3-107806923C60}.Debug|x86.Build.0 = Debug|Any CPU
		{F2A68AD2-DFC5-42BF-BAC3-107806923C60}.Release|Any CPU.ActiveCfg = Release|Any CPU
		{F2A68AD2-DFC5-42BF-BAC3-107806923C60}.Release|Any CPU.Build.0 = Release|Any CPU
		{F2A68AD2-DFC5-42BF-BAC3-107806923C60}.Release|x64.ActiveCfg = Release|Any CPU
		{F2A68AD2-DFC5-42BF-BAC3-107806923C60}.Release|x64.Build.0 = Release|Any CPU
		{F2A68AD2-DFC5-42BF-BAC3-107806923C60}.Release|x86.ActiveCfg = Release|Any CPU
		{F2A68AD2-DFC5-42BF-BAC3-107806923C60}.Release|x86.Build.0 = Release|Any CPU
		{EDC7693E-FF82-42ED-8483-282CC9D12D97}.Debug|Any CPU.ActiveCfg = Debug|Any CPU
		{EDC7693E-FF82-42ED-8483-282CC9D12D97}.Debug|Any CPU.Build.0 = Debug|Any CPU
		{EDC7693E-FF82-42ED-8483-282CC9D12D97}.Debug|x64.ActiveCfg = Debug|Any CPU
		{EDC7693E-FF82-42ED-8483-282CC9D12D97}.Debug|x64.Build.0 = Debug|Any CPU
		{EDC7693E-FF82-42ED-8483-282CC9D12D97}.Debug|x86.ActiveCfg = Debug|Any CPU
		{EDC7693E-FF82-42ED-8483-282CC9D12D97}.Debug|x86.Build.0 = Debug|Any CPU
		{EDC7693E-FF82-42ED-8483-282CC9D12D97}.Release|Any CPU.ActiveCfg = Release|Any CPU
		{EDC7693E-FF82-42ED-8483-282CC9D12D97}.Release|Any CPU.Build.0 = Release|Any CPU
		{EDC7693E-FF82-42ED-8483-282CC9D12D97}.Release|x64.ActiveCfg = Release|Any CPU
		{EDC7693E-FF82-42ED-8483-282CC9D12D97}.Release|x64.Build.0 = Release|Any CPU
		{EDC7693E-FF82-42ED-8483-282CC9D12D97}.Release|x86.ActiveCfg = Release|Any CPU
		{EDC7693E-FF82-42ED-8483-282CC9D12D97}.Release|x86.Build.0 = Release|Any CPU
		{62E2B8F2-B33B-41DC-841B-1ECE93330ED8}.Debug|Any CPU.ActiveCfg = Debug|Any CPU
		{62E2B8F2-B33B-41DC-841B-1ECE93330ED8}.Debug|Any CPU.Build.0 = Debug|Any CPU
		{62E2B8F2-B33B-41DC-841B-1ECE93330ED8}.Debug|x64.ActiveCfg = Debug|Any CPU
		{62E2B8F2-B33B-41DC-841B-1ECE93330ED8}.Debug|x64.Build.0 = Debug|Any CPU
		{62E2B8F2-B33B-41DC-841B-1ECE93330ED8}.Debug|x86.ActiveCfg = Debug|Any CPU
		{62E2B8F2-B33B-41DC-841B-1ECE93330ED8}.Debug|x86.Build.0 = Debug|Any CPU
		{62E2B8F2-B33B-41DC-841B-1ECE93330ED8}.Release|Any CPU.ActiveCfg = Release|Any CPU
		{62E2B8F2-B33B-41DC-841B-1ECE93330ED8}.Release|Any CPU.Build.0 = Release|Any CPU
		{62E2B8F2-B33B-41DC-841B-1ECE93330ED8}.Release|x64.ActiveCfg = Release|Any CPU
		{62E2B8F2-B33B-41DC-841B-1ECE93330ED8}.Release|x64.Build.0 = Release|Any CPU
		{62E2B8F2-B33B-41DC-841B-1ECE93330ED8}.Release|x86.ActiveCfg = Release|Any CPU
		{62E2B8F2-B33B-41DC-841B-1ECE93330ED8}.Release|x86.Build.0 = Release|Any CPU
		{395E174E-7A56-442C-9487-7C89F25DB3E2}.Debug|Any CPU.ActiveCfg = Debug|Any CPU
		{395E174E-7A56-442C-9487-7C89F25DB3E2}.Debug|Any CPU.Build.0 = Debug|Any CPU
		{395E174E-7A56-442C-9487-7C89F25DB3E2}.Debug|x64.ActiveCfg = Debug|Any CPU
		{395E174E-7A56-442C-9487-7C89F25DB3E2}.Debug|x64.Build.0 = Debug|Any CPU
		{395E174E-7A56-442C-9487-7C89F25DB3E2}.Debug|x86.ActiveCfg = Debug|Any CPU
		{395E174E-7A56-442C-9487-7C89F25DB3E2}.Debug|x86.Build.0 = Debug|Any CPU
		{395E174E-7A56-442C-9487-7C89F25DB3E2}.Release|Any CPU.ActiveCfg = Release|Any CPU
		{395E174E-7A56-442C-9487-7C89F25DB3E2}.Release|Any CPU.Build.0 = Release|Any CPU
		{395E174E-7A56-442C-9487-7C89F25DB3E2}.Release|x64.ActiveCfg = Release|Any CPU
		{395E174E-7A56-442C-9487-7C89F25DB3E2}.Release|x64.Build.0 = Release|Any CPU
		{395E174E-7A56-442C-9487-7C89F25DB3E2}.Release|x86.ActiveCfg = Release|Any CPU
		{395E174E-7A56-442C-9487-7C89F25DB3E2}.Release|x86.Build.0 = Release|Any CPU
		{9C2DC7A7-3F28-40B8-ABB0-9ED25CF3CD0B}.Debug|Any CPU.ActiveCfg = Debug|Any CPU
		{9C2DC7A7-3F28-40B8-ABB0-9ED25CF3CD0B}.Debug|Any CPU.Build.0 = Debug|Any CPU
		{9C2DC7A7-3F28-40B8-ABB0-9ED25CF3CD0B}.Debug|x64.ActiveCfg = Debug|Any CPU
		{9C2DC7A7-3F28-40B8-ABB0-9ED25CF3CD0B}.Debug|x64.Build.0 = Debug|Any CPU
		{9C2DC7A7-3F28-40B8-ABB0-9ED25CF3CD0B}.Debug|x86.ActiveCfg = Debug|Any CPU
		{9C2DC7A7-3F28-40B8-ABB0-9ED25CF3CD0B}.Debug|x86.Build.0 = Debug|Any CPU
		{9C2DC7A7-3F28-40B8-ABB0-9ED25CF3CD0B}.Release|Any CPU.ActiveCfg = Release|Any CPU
		{9C2DC7A7-3F28-40B8-ABB0-9ED25CF3CD0B}.Release|Any CPU.Build.0 = Release|Any CPU
		{9C2DC7A7-3F28-40B8-ABB0-9ED25CF3CD0B}.Release|x64.ActiveCfg = Release|Any CPU
		{9C2DC7A7-3F28-40B8-ABB0-9ED25CF3CD0B}.Release|x64.Build.0 = Release|Any CPU
		{9C2DC7A7-3F28-40B8-ABB0-9ED25CF3CD0B}.Release|x86.ActiveCfg = Release|Any CPU
		{9C2DC7A7-3F28-40B8-ABB0-9ED25CF3CD0B}.Release|x86.Build.0 = Release|Any CPU
		{AA6664F6-73AA-47CD-A89C-9094F152218B}.Debug|Any CPU.ActiveCfg = Debug|Any CPU
		{AA6664F6-73AA-47CD-A89C-9094F152218B}.Debug|Any CPU.Build.0 = Debug|Any CPU
		{AA6664F6-73AA-47CD-A89C-9094F152218B}.Debug|x64.ActiveCfg = Debug|Any CPU
		{AA6664F6-73AA-47CD-A89C-9094F152218B}.Debug|x64.Build.0 = Debug|Any CPU
		{AA6664F6-73AA-47CD-A89C-9094F152218B}.Debug|x86.ActiveCfg = Debug|Any CPU
		{AA6664F6-73AA-47CD-A89C-9094F152218B}.Debug|x86.Build.0 = Debug|Any CPU
		{AA6664F6-73AA-47CD-A89C-9094F152218B}.Release|Any CPU.ActiveCfg = Release|Any CPU
		{AA6664F6-73AA-47CD-A89C-9094F152218B}.Release|Any CPU.Build.0 = Release|Any CPU
		{AA6664F6-73AA-47CD-A89C-9094F152218B}.Release|x64.ActiveCfg = Release|Any CPU
		{AA6664F6-73AA-47CD-A89C-9094F152218B}.Release|x64.Build.0 = Release|Any CPU
		{AA6664F6-73AA-47CD-A89C-9094F152218B}.Release|x86.ActiveCfg = Release|Any CPU
		{AA6664F6-73AA-47CD-A89C-9094F152218B}.Release|x86.Build.0 = Release|Any CPU
		{4003EDFC-2903-4208-8AF0-C66E1B775FE8}.Debug|Any CPU.ActiveCfg = Debug|Any CPU
		{4003EDFC-2903-4208-8AF0-C66E1B775FE8}.Debug|Any CPU.Build.0 = Debug|Any CPU
		{4003EDFC-2903-4208-8AF0-C66E1B775FE8}.Debug|x64.ActiveCfg = Debug|Any CPU
		{4003EDFC-2903-4208-8AF0-C66E1B775FE8}.Debug|x64.Build.0 = Debug|Any CPU
		{4003EDFC-2903-4208-8AF0-C66E1B775FE8}.Debug|x86.ActiveCfg = Debug|Any CPU
		{4003EDFC-2903-4208-8AF0-C66E1B775FE8}.Debug|x86.Build.0 = Debug|Any CPU
		{4003EDFC-2903-4208-8AF0-C66E1B775FE8}.Release|Any CPU.ActiveCfg = Release|Any CPU
		{4003EDFC-2903-4208-8AF0-C66E1B775FE8}.Release|Any CPU.Build.0 = Release|Any CPU
		{4003EDFC-2903-4208-8AF0-C66E1B775FE8}.Release|x64.ActiveCfg = Release|Any CPU
		{4003EDFC-2903-4208-8AF0-C66E1B775FE8}.Release|x64.Build.0 = Release|Any CPU
		{4003EDFC-2903-4208-8AF0-C66E1B775FE8}.Release|x86.ActiveCfg = Release|Any CPU
		{4003EDFC-2903-4208-8AF0-C66E1B775FE8}.Release|x86.Build.0 = Release|Any CPU
		{D017AE43-95C0-41B7-A4D6-4B429D3D4CDC}.Debug|Any CPU.ActiveCfg = Debug|Any CPU
		{D017AE43-95C0-41B7-A4D6-4B429D3D4CDC}.Debug|Any CPU.Build.0 = Debug|Any CPU
		{D017AE43-95C0-41B7-A4D6-4B429D3D4CDC}.Debug|x64.ActiveCfg = Debug|Any CPU
		{D017AE43-95C0-41B7-A4D6-4B429D3D4CDC}.Debug|x64.Build.0 = Debug|Any CPU
		{D017AE43-95C0-41B7-A4D6-4B429D3D4CDC}.Debug|x86.ActiveCfg = Debug|Any CPU
		{D017AE43-95C0-41B7-A4D6-4B429D3D4CDC}.Debug|x86.Build.0 = Debug|Any CPU
		{D017AE43-95C0-41B7-A4D6-4B429D3D4CDC}.Release|Any CPU.ActiveCfg = Release|Any CPU
		{D017AE43-95C0-41B7-A4D6-4B429D3D4CDC}.Release|Any CPU.Build.0 = Release|Any CPU
		{D017AE43-95C0-41B7-A4D6-4B429D3D4CDC}.Release|x64.ActiveCfg = Release|Any CPU
		{D017AE43-95C0-41B7-A4D6-4B429D3D4CDC}.Release|x64.Build.0 = Release|Any CPU
		{D017AE43-95C0-41B7-A4D6-4B429D3D4CDC}.Release|x86.ActiveCfg = Release|Any CPU
		{D017AE43-95C0-41B7-A4D6-4B429D3D4CDC}.Release|x86.Build.0 = Release|Any CPU
		{2BE97743-B966-4D3E-8F28-53219F05C2D3}.Debug|Any CPU.ActiveCfg = Debug|Any CPU
		{2BE97743-B966-4D3E-8F28-53219F05C2D3}.Debug|Any CPU.Build.0 = Debug|Any CPU
		{2BE97743-B966-4D3E-8F28-53219F05C2D3}.Debug|x64.ActiveCfg = Debug|Any CPU
		{2BE97743-B966-4D3E-8F28-53219F05C2D3}.Debug|x64.Build.0 = Debug|Any CPU
		{2BE97743-B966-4D3E-8F28-53219F05C2D3}.Debug|x86.ActiveCfg = Debug|Any CPU
		{2BE97743-B966-4D3E-8F28-53219F05C2D3}.Debug|x86.Build.0 = Debug|Any CPU
		{2BE97743-B966-4D3E-8F28-53219F05C2D3}.Release|Any CPU.ActiveCfg = Release|Any CPU
		{2BE97743-B966-4D3E-8F28-53219F05C2D3}.Release|Any CPU.Build.0 = Release|Any CPU
		{2BE97743-B966-4D3E-8F28-53219F05C2D3}.Release|x64.ActiveCfg = Release|Any CPU
		{2BE97743-B966-4D3E-8F28-53219F05C2D3}.Release|x64.Build.0 = Release|Any CPU
		{2BE97743-B966-4D3E-8F28-53219F05C2D3}.Release|x86.ActiveCfg = Release|Any CPU
		{2BE97743-B966-4D3E-8F28-53219F05C2D3}.Release|x86.Build.0 = Release|Any CPU
		{46C5EC1F-FAA4-44F9-AB83-0562BA9BAB70}.Debug|Any CPU.ActiveCfg = Debug|Any CPU
		{46C5EC1F-FAA4-44F9-AB83-0562BA9BAB70}.Debug|Any CPU.Build.0 = Debug|Any CPU
		{46C5EC1F-FAA4-44F9-AB83-0562BA9BAB70}.Debug|x64.ActiveCfg = Debug|Any CPU
		{46C5EC1F-FAA4-44F9-AB83-0562BA9BAB70}.Debug|x64.Build.0 = Debug|Any CPU
		{46C5EC1F-FAA4-44F9-AB83-0562BA9BAB70}.Debug|x86.ActiveCfg = Debug|Any CPU
		{46C5EC1F-FAA4-44F9-AB83-0562BA9BAB70}.Debug|x86.Build.0 = Debug|Any CPU
		{46C5EC1F-FAA4-44F9-AB83-0562BA9BAB70}.Release|Any CPU.ActiveCfg = Release|Any CPU
		{46C5EC1F-FAA4-44F9-AB83-0562BA9BAB70}.Release|Any CPU.Build.0 = Release|Any CPU
		{46C5EC1F-FAA4-44F9-AB83-0562BA9BAB70}.Release|x64.ActiveCfg = Release|Any CPU
		{46C5EC1F-FAA4-44F9-AB83-0562BA9BAB70}.Release|x64.Build.0 = Release|Any CPU
		{46C5EC1F-FAA4-44F9-AB83-0562BA9BAB70}.Release|x86.ActiveCfg = Release|Any CPU
		{46C5EC1F-FAA4-44F9-AB83-0562BA9BAB70}.Release|x86.Build.0 = Release|Any CPU
		{F329F0E3-0C4D-4D5A-86B1-6FD564A664C6}.Debug|Any CPU.ActiveCfg = Debug|Any CPU
		{F329F0E3-0C4D-4D5A-86B1-6FD564A664C6}.Debug|Any CPU.Build.0 = Debug|Any CPU
		{F329F0E3-0C4D-4D5A-86B1-6FD564A664C6}.Debug|x64.ActiveCfg = Debug|Any CPU
		{F329F0E3-0C4D-4D5A-86B1-6FD564A664C6}.Debug|x64.Build.0 = Debug|Any CPU
		{F329F0E3-0C4D-4D5A-86B1-6FD564A664C6}.Debug|x86.ActiveCfg = Debug|Any CPU
		{F329F0E3-0C4D-4D5A-86B1-6FD564A664C6}.Debug|x86.Build.0 = Debug|Any CPU
		{F329F0E3-0C4D-4D5A-86B1-6FD564A664C6}.Release|Any CPU.ActiveCfg = Release|Any CPU
		{F329F0E3-0C4D-4D5A-86B1-6FD564A664C6}.Release|Any CPU.Build.0 = Release|Any CPU
		{F329F0E3-0C4D-4D5A-86B1-6FD564A664C6}.Release|x64.ActiveCfg = Release|Any CPU
		{F329F0E3-0C4D-4D5A-86B1-6FD564A664C6}.Release|x64.Build.0 = Release|Any CPU
		{F329F0E3-0C4D-4D5A-86B1-6FD564A664C6}.Release|x86.ActiveCfg = Release|Any CPU
		{F329F0E3-0C4D-4D5A-86B1-6FD564A664C6}.Release|x86.Build.0 = Release|Any CPU
	EndGlobalSection
EndGlobal
