
Microsoft Visual Studio Solution File, Format Version 12.00
# Visual Studio Version 16
VisualStudioVersion = 16.0.30114.105
MinimumVisualStudioVersion = 10.0.40219.1
Project("{FAE04EC0-301F-11D3-BF4B-00C04F79EFBC}") = "Penguin.Cms.Email.Templating.Repositories.Local", "Penguin.Cms.Email.Templating.Repositories.Local.csproj", "{187544D8-2D9B-462A-B420-88966DD369AF}"
EndProject
Project("{FAE04EC0-301F-11D3-BF4B-00C04F79EFBC}") = "Penguin.Cms.Email.Templating.Local", "..\Penguin.Cms.Email.Templating\Penguin.Cms.Email.Templating.Local.csproj", "{C1DAAAC1-317B-4D10-B325-4351A8301ACD}"
EndProject
Project("{FAE04EC0-301F-11D3-BF4B-00C04F79EFBC}") = "Penguin.Email.Templating.Abstractions.Local", "..\Penguin.Email.Templating.Abstractions\Penguin.Email.Templating.Abstractions.Local.csproj", "{70960A67-322A-455B-9148-C4600A69687D}"
EndProject
Project("{FAE04EC0-301F-11D3-BF4B-00C04F79EFBC}") = "Penguin.Email.Abstractions.Local", "..\Penguin.Email.Abstractions\Penguin.Email.Abstractions.Local.csproj", "{7968149C-B225-4C7C-B258-1BE884A36802}"
EndProject
Project("{FAE04EC0-301F-11D3-BF4B-00C04F79EFBC}") = "Penguin.Files.Abstractions.Local", "..\Penguin.Files.Abstractions\Penguin.Files.Abstractions.Local.csproj", "{AB64CB14-F9F4-45CB-9B76-ABDAE53B0EC5}"
EndProject
Project("{FAE04EC0-301F-11D3-BF4B-00C04F79EFBC}") = "Penguin.Templating.Abstractions.Local", "..\Penguin.Templating.Abstractions\Penguin.Templating.Abstractions.Local.csproj", "{76E427D8-2B6E-4C29-B8CB-376A72CFAD5C}"
EndProject
Project("{FAE04EC0-301F-11D3-BF4B-00C04F79EFBC}") = "Penguin.Cms.Email.Abstractions.Local", "..\Penguin.Cms.Email.Abstractions\Penguin.Cms.Email.Abstractions.Local.csproj", "{A4DBA98C-3563-47BD-A012-92AAEB7F2410}"
EndProject
Project("{FAE04EC0-301F-11D3-BF4B-00C04F79EFBC}") = "Penguin.Cms.Abstractions.Local", "..\Penguin.Cms.Abstractions\Penguin.Cms.Abstractions.Local.csproj", "{1EB7CD00-E930-40A2-97EF-8F9E48EFEDC2}"
EndProject
Project("{FAE04EC0-301F-11D3-BF4B-00C04F79EFBC}") = "Penguin.DependencyInjection.Abstractions.Local", "..\Penguin.DependencyInjection.Abstractions\Penguin.DependencyInjection.Abstractions.Local.csproj", "{422D2583-3CED-4586-A9BA-24942BE38AC1}"
EndProject
Project("{FAE04EC0-301F-11D3-BF4B-00C04F79EFBC}") = "Penguin.Persistence.Abstractions.Local", "..\Penguin.Persistence.Abstractions\Penguin.Persistence.Abstractions.Local.csproj", "{BDA61F93-A27D-4F52-98AD-58CFCB622888}"
EndProject
Project("{FAE04EC0-301F-11D3-BF4B-00C04F79EFBC}") = "Penguin.Entities.Abstractions.Local", "..\Penguin.Entities.Abstractions\Penguin.Entities.Abstractions.Local.csproj", "{47D6BEB2-F025-4C78-8E87-F2812D021F04}"
EndProject
Project("{FAE04EC0-301F-11D3-BF4B-00C04F79EFBC}") = "Penguin.Reflection.Extensions.Local", "..\Penguin.Reflection.Extensions\Penguin.Reflection.Extensions.Local.csproj", "{6046FBD4-D3AF-41B6-8BAA-474DC249D4CE}"
EndProject
Project("{FAE04EC0-301F-11D3-BF4B-00C04F79EFBC}") = "Penguin.Reflection.Abstractions.Local", "..\Penguin.Reflection.Abstractions\Penguin.Reflection.Abstractions.Local.csproj", "{38767778-451D-48A0-BF25-0CE800A663BE}"
EndProject
Project("{FAE04EC0-301F-11D3-BF4B-00C04F79EFBC}") = "Penguin.Extensions.String.Local", "..\Penguin.Extensions.String\Penguin.Extensions.String.Local.csproj", "{9ADC7F00-5AF7-4A80-BDA7-052F03B88F70}"
EndProject
Project("{FAE04EC0-301F-11D3-BF4B-00C04F79EFBC}") = "Penguin.Cms.Entities.Local", "..\Penguin.Cms.Entities\Penguin.Cms.Entities.Local.csproj", "{F7B64AD2-C6D9-472F-AD17-8CB33C8D31B5}"
EndProject
Project("{FAE04EC0-301F-11D3-BF4B-00C04F79EFBC}") = "Penguin.Cms.Email.Local", "..\Penguin.Cms.Email\Penguin.Cms.Email.Local.csproj", "{565C9D21-09E2-4281-8215-0AC9015F1898}"
EndProject
Project("{FAE04EC0-301F-11D3-BF4B-00C04F79EFBC}") = "Penguin.Email.Local", "..\Penguin.Email\Penguin.Email.Local.csproj", "{ADCF5AEE-3029-47AE-8460-D034EEF2B56E}"
EndProject
Project("{FAE04EC0-301F-11D3-BF4B-00C04F79EFBC}") = "Penguin.Web.Data.Local", "..\Penguin.Web.Data\Penguin.Web.Data.Local.csproj", "{93000C7B-13A2-4750-9A04-5C9B09A507C0}"
EndProject
Project("{FAE04EC0-301F-11D3-BF4B-00C04F79EFBC}") = "Penguin.Configuration.Abstractions.Local", "..\Penguin.Configuration.Abstractions\Penguin.Configuration.Abstractions.Local.csproj", "{EB97C7F6-ADF4-4AA5-A5C9-37CD6DC7A73D}"
EndProject
Project("{FAE04EC0-301F-11D3-BF4B-00C04F79EFBC}") = "Penguin.Cms.Files.Local", "..\Penguin.Cms.Files\Penguin.Cms.Files.Local.csproj", "{20022A4A-507F-4DE6-9E98-D612035910EC}"
EndProject
Project("{FAE04EC0-301F-11D3-BF4B-00C04F79EFBC}") = "Penguin.Cms.Repositories.Local", "..\Penguin.Cms.Repositories\Penguin.Cms.Repositories.Local.csproj", "{57E9CCF3-4AB7-40FA-9C53-3CF88CB980E7}"
EndProject
Project("{FAE04EC0-301F-11D3-BF4B-00C04F79EFBC}") = "Penguin.Persistence.Repositories.Local", "..\Penguin.Persistence.Repositories\Penguin.Persistence.Repositories.Local.csproj", "{85D6D63D-EA7B-4C09-818A-4717C7173D6D}"
EndProject
Project("{FAE04EC0-301F-11D3-BF4B-00C04F79EFBC}") = "Penguin.Messaging.Persistence.Local", "..\Penguin.Messaging.Persistence\Penguin.Messaging.Persistence.Local.csproj", "{15B3FF64-EF39-4454-A9DE-6C8CB75E78F5}"
EndProject
Project("{FAE04EC0-301F-11D3-BF4B-00C04F79EFBC}") = "Penguin.Messaging.Abstractions.Local", "..\Penguin.Messaging.Abstractions\Penguin.Messaging.Abstractions.Local.csproj", "{CFB7168D-712E-43BB-AC13-314BAC1C5897}"
EndProject
Project("{FAE04EC0-301F-11D3-BF4B-00C04F79EFBC}") = "Penguin.Messaging.Core.Local", "..\Penguin.Messaging.Core\Penguin.Messaging.Core.Local.csproj", "{F44BC67E-A519-45E9-9262-74DA94BB426A}"
EndProject
Project("{FAE04EC0-301F-11D3-BF4B-00C04F79EFBC}") = "Penguin.Debugging.Local", "..\Penguin.Debugging\Penguin.Debugging.Local.csproj", "{2F81B0E5-6869-41C2-8675-86A06DB08544}"
EndProject
Project("{FAE04EC0-301F-11D3-BF4B-00C04F79EFBC}") = "Penguin.Extensions.Exceptions.Local", "..\Penguin.Extensions.Exceptions\Penguin.Extensions.Exceptions.Local.csproj", "{0162D611-BD07-487B-924A-FFC86B29E28B}"
EndProject
Project("{FAE04EC0-301F-11D3-BF4B-00C04F79EFBC}") = "Penguin.Reflection.Local", "..\Penguin.Reflection\Penguin.Reflection.Local.csproj", "{D88BD5B9-4181-4D21-A91D-414EAD6A8637}"
EndProject
Global
	GlobalSection(SolutionConfigurationPlatforms) = preSolution
		Debug|Any CPU = Debug|Any CPU
		Debug|x64 = Debug|x64
		Debug|x86 = Debug|x86
		Release|Any CPU = Release|Any CPU
		Release|x64 = Release|x64
		Release|x86 = Release|x86
	EndGlobalSection
	GlobalSection(SolutionProperties) = preSolution
		HideSolutionNode = FALSE
	EndGlobalSection
	GlobalSection(ProjectConfigurationPlatforms) = postSolution
		{187544D8-2D9B-462A-B420-88966DD369AF}.Debug|Any CPU.ActiveCfg = Debug|Any CPU
		{187544D8-2D9B-462A-B420-88966DD369AF}.Debug|Any CPU.Build.0 = Debug|Any CPU
		{187544D8-2D9B-462A-B420-88966DD369AF}.Debug|x64.ActiveCfg = Debug|Any CPU
		{187544D8-2D9B-462A-B420-88966DD369AF}.Debug|x64.Build.0 = Debug|Any CPU
		{187544D8-2D9B-462A-B420-88966DD369AF}.Debug|x86.ActiveCfg = Debug|Any CPU
		{187544D8-2D9B-462A-B420-88966DD369AF}.Debug|x86.Build.0 = Debug|Any CPU
		{187544D8-2D9B-462A-B420-88966DD369AF}.Release|Any CPU.ActiveCfg = Release|Any CPU
		{187544D8-2D9B-462A-B420-88966DD369AF}.Release|Any CPU.Build.0 = Release|Any CPU
		{187544D8-2D9B-462A-B420-88966DD369AF}.Release|x64.ActiveCfg = Release|Any CPU
		{187544D8-2D9B-462A-B420-88966DD369AF}.Release|x64.Build.0 = Release|Any CPU
		{187544D8-2D9B-462A-B420-88966DD369AF}.Release|x86.ActiveCfg = Release|Any CPU
		{187544D8-2D9B-462A-B420-88966DD369AF}.Release|x86.Build.0 = Release|Any CPU
		{C1DAAAC1-317B-4D10-B325-4351A8301ACD}.Debug|Any CPU.ActiveCfg = Debug|Any CPU
		{C1DAAAC1-317B-4D10-B325-4351A8301ACD}.Debug|Any CPU.Build.0 = Debug|Any CPU
		{C1DAAAC1-317B-4D10-B325-4351A8301ACD}.Debug|x64.ActiveCfg = Debug|Any CPU
		{C1DAAAC1-317B-4D10-B325-4351A8301ACD}.Debug|x64.Build.0 = Debug|Any CPU
		{C1DAAAC1-317B-4D10-B325-4351A8301ACD}.Debug|x86.ActiveCfg = Debug|Any CPU
		{C1DAAAC1-317B-4D10-B325-4351A8301ACD}.Debug|x86.Build.0 = Debug|Any CPU
		{C1DAAAC1-317B-4D10-B325-4351A8301ACD}.Release|Any CPU.ActiveCfg = Release|Any CPU
		{C1DAAAC1-317B-4D10-B325-4351A8301ACD}.Release|Any CPU.Build.0 = Release|Any CPU
		{C1DAAAC1-317B-4D10-B325-4351A8301ACD}.Release|x64.ActiveCfg = Release|Any CPU
		{C1DAAAC1-317B-4D10-B325-4351A8301ACD}.Release|x64.Build.0 = Release|Any CPU
		{C1DAAAC1-317B-4D10-B325-4351A8301ACD}.Release|x86.ActiveCfg = Release|Any CPU
		{C1DAAAC1-317B-4D10-B325-4351A8301ACD}.Release|x86.Build.0 = Release|Any CPU
		{70960A67-322A-455B-9148-C4600A69687D}.Debug|Any CPU.ActiveCfg = Debug|Any CPU
		{70960A67-322A-455B-9148-C4600A69687D}.Debug|Any CPU.Build.0 = Debug|Any CPU
		{70960A67-322A-455B-9148-C4600A69687D}.Debug|x64.ActiveCfg = Debug|Any CPU
		{70960A67-322A-455B-9148-C4600A69687D}.Debug|x64.Build.0 = Debug|Any CPU
		{70960A67-322A-455B-9148-C4600A69687D}.Debug|x86.ActiveCfg = Debug|Any CPU
		{70960A67-322A-455B-9148-C4600A69687D}.Debug|x86.Build.0 = Debug|Any CPU
		{70960A67-322A-455B-9148-C4600A69687D}.Release|Any CPU.ActiveCfg = Release|Any CPU
		{70960A67-322A-455B-9148-C4600A69687D}.Release|Any CPU.Build.0 = Release|Any CPU
		{70960A67-322A-455B-9148-C4600A69687D}.Release|x64.ActiveCfg = Release|Any CPU
		{70960A67-322A-455B-9148-C4600A69687D}.Release|x64.Build.0 = Release|Any CPU
		{70960A67-322A-455B-9148-C4600A69687D}.Release|x86.ActiveCfg = Release|Any CPU
		{70960A67-322A-455B-9148-C4600A69687D}.Release|x86.Build.0 = Release|Any CPU
		{7968149C-B225-4C7C-B258-1BE884A36802}.Debug|Any CPU.ActiveCfg = Debug|Any CPU
		{7968149C-B225-4C7C-B258-1BE884A36802}.Debug|Any CPU.Build.0 = Debug|Any CPU
		{7968149C-B225-4C7C-B258-1BE884A36802}.Debug|x64.ActiveCfg = Debug|Any CPU
		{7968149C-B225-4C7C-B258-1BE884A36802}.Debug|x64.Build.0 = Debug|Any CPU
		{7968149C-B225-4C7C-B258-1BE884A36802}.Debug|x86.ActiveCfg = Debug|Any CPU
		{7968149C-B225-4C7C-B258-1BE884A36802}.Debug|x86.Build.0 = Debug|Any CPU
		{7968149C-B225-4C7C-B258-1BE884A36802}.Release|Any CPU.ActiveCfg = Release|Any CPU
		{7968149C-B225-4C7C-B258-1BE884A36802}.Release|Any CPU.Build.0 = Release|Any CPU
		{7968149C-B225-4C7C-B258-1BE884A36802}.Release|x64.ActiveCfg = Release|Any CPU
		{7968149C-B225-4C7C-B258-1BE884A36802}.Release|x64.Build.0 = Release|Any CPU
		{7968149C-B225-4C7C-B258-1BE884A36802}.Release|x86.ActiveCfg = Release|Any CPU
		{7968149C-B225-4C7C-B258-1BE884A36802}.Release|x86.Build.0 = Release|Any CPU
		{AB64CB14-F9F4-45CB-9B76-ABDAE53B0EC5}.Debug|Any CPU.ActiveCfg = Debug|Any CPU
		{AB64CB14-F9F4-45CB-9B76-ABDAE53B0EC5}.Debug|Any CPU.Build.0 = Debug|Any CPU
		{AB64CB14-F9F4-45CB-9B76-ABDAE53B0EC5}.Debug|x64.ActiveCfg = Debug|Any CPU
		{AB64CB14-F9F4-45CB-9B76-ABDAE53B0EC5}.Debug|x64.Build.0 = Debug|Any CPU
		{AB64CB14-F9F4-45CB-9B76-ABDAE53B0EC5}.Debug|x86.ActiveCfg = Debug|Any CPU
		{AB64CB14-F9F4-45CB-9B76-ABDAE53B0EC5}.Debug|x86.Build.0 = Debug|Any CPU
		{AB64CB14-F9F4-45CB-9B76-ABDAE53B0EC5}.Release|Any CPU.ActiveCfg = Release|Any CPU
		{AB64CB14-F9F4-45CB-9B76-ABDAE53B0EC5}.Release|Any CPU.Build.0 = Release|Any CPU
		{AB64CB14-F9F4-45CB-9B76-ABDAE53B0EC5}.Release|x64.ActiveCfg = Release|Any CPU
		{AB64CB14-F9F4-45CB-9B76-ABDAE53B0EC5}.Release|x64.Build.0 = Release|Any CPU
		{AB64CB14-F9F4-45CB-9B76-ABDAE53B0EC5}.Release|x86.ActiveCfg = Release|Any CPU
		{AB64CB14-F9F4-45CB-9B76-ABDAE53B0EC5}.Release|x86.Build.0 = Release|Any CPU
		{76E427D8-2B6E-4C29-B8CB-376A72CFAD5C}.Debug|Any CPU.ActiveCfg = Debug|Any CPU
		{76E427D8-2B6E-4C29-B8CB-376A72CFAD5C}.Debug|Any CPU.Build.0 = Debug|Any CPU
		{76E427D8-2B6E-4C29-B8CB-376A72CFAD5C}.Debug|x64.ActiveCfg = Debug|Any CPU
		{76E427D8-2B6E-4C29-B8CB-376A72CFAD5C}.Debug|x64.Build.0 = Debug|Any CPU
		{76E427D8-2B6E-4C29-B8CB-376A72CFAD5C}.Debug|x86.ActiveCfg = Debug|Any CPU
		{76E427D8-2B6E-4C29-B8CB-376A72CFAD5C}.Debug|x86.Build.0 = Debug|Any CPU
		{76E427D8-2B6E-4C29-B8CB-376A72CFAD5C}.Release|Any CPU.ActiveCfg = Release|Any CPU
		{76E427D8-2B6E-4C29-B8CB-376A72CFAD5C}.Release|Any CPU.Build.0 = Release|Any CPU
		{76E427D8-2B6E-4C29-B8CB-376A72CFAD5C}.Release|x64.ActiveCfg = Release|Any CPU
		{76E427D8-2B6E-4C29-B8CB-376A72CFAD5C}.Release|x64.Build.0 = Release|Any CPU
		{76E427D8-2B6E-4C29-B8CB-376A72CFAD5C}.Release|x86.ActiveCfg = Release|Any CPU
		{76E427D8-2B6E-4C29-B8CB-376A72CFAD5C}.Release|x86.Build.0 = Release|Any CPU
		{A4DBA98C-3563-47BD-A012-92AAEB7F2410}.Debug|Any CPU.ActiveCfg = Debug|Any CPU
		{A4DBA98C-3563-47BD-A012-92AAEB7F2410}.Debug|Any CPU.Build.0 = Debug|Any CPU
		{A4DBA98C-3563-47BD-A012-92AAEB7F2410}.Debug|x64.ActiveCfg = Debug|Any CPU
		{A4DBA98C-3563-47BD-A012-92AAEB7F2410}.Debug|x64.Build.0 = Debug|Any CPU
		{A4DBA98C-3563-47BD-A012-92AAEB7F2410}.Debug|x86.ActiveCfg = Debug|Any CPU
		{A4DBA98C-3563-47BD-A012-92AAEB7F2410}.Debug|x86.Build.0 = Debug|Any CPU
		{A4DBA98C-3563-47BD-A012-92AAEB7F2410}.Release|Any CPU.ActiveCfg = Release|Any CPU
		{A4DBA98C-3563-47BD-A012-92AAEB7F2410}.Release|Any CPU.Build.0 = Release|Any CPU
		{A4DBA98C-3563-47BD-A012-92AAEB7F2410}.Release|x64.ActiveCfg = Release|Any CPU
		{A4DBA98C-3563-47BD-A012-92AAEB7F2410}.Release|x64.Build.0 = Release|Any CPU
		{A4DBA98C-3563-47BD-A012-92AAEB7F2410}.Release|x86.ActiveCfg = Release|Any CPU
		{A4DBA98C-3563-47BD-A012-92AAEB7F2410}.Release|x86.Build.0 = Release|Any CPU
		{1EB7CD00-E930-40A2-97EF-8F9E48EFEDC2}.Debug|Any CPU.ActiveCfg = Debug|Any CPU
		{1EB7CD00-E930-40A2-97EF-8F9E48EFEDC2}.Debug|Any CPU.Build.0 = Debug|Any CPU
		{1EB7CD00-E930-40A2-97EF-8F9E48EFEDC2}.Debug|x64.ActiveCfg = Debug|Any CPU
		{1EB7CD00-E930-40A2-97EF-8F9E48EFEDC2}.Debug|x64.Build.0 = Debug|Any CPU
		{1EB7CD00-E930-40A2-97EF-8F9E48EFEDC2}.Debug|x86.ActiveCfg = Debug|Any CPU
		{1EB7CD00-E930-40A2-97EF-8F9E48EFEDC2}.Debug|x86.Build.0 = Debug|Any CPU
		{1EB7CD00-E930-40A2-97EF-8F9E48EFEDC2}.Release|Any CPU.ActiveCfg = Release|Any CPU
		{1EB7CD00-E930-40A2-97EF-8F9E48EFEDC2}.Release|Any CPU.Build.0 = Release|Any CPU
		{1EB7CD00-E930-40A2-97EF-8F9E48EFEDC2}.Release|x64.ActiveCfg = Release|Any CPU
		{1EB7CD00-E930-40A2-97EF-8F9E48EFEDC2}.Release|x64.Build.0 = Release|Any CPU
		{1EB7CD00-E930-40A2-97EF-8F9E48EFEDC2}.Release|x86.ActiveCfg = Release|Any CPU
		{1EB7CD00-E930-40A2-97EF-8F9E48EFEDC2}.Release|x86.Build.0 = Release|Any CPU
		{422D2583-3CED-4586-A9BA-24942BE38AC1}.Debug|Any CPU.ActiveCfg = Debug|Any CPU
		{422D2583-3CED-4586-A9BA-24942BE38AC1}.Debug|Any CPU.Build.0 = Debug|Any CPU
		{422D2583-3CED-4586-A9BA-24942BE38AC1}.Debug|x64.ActiveCfg = Debug|Any CPU
		{422D2583-3CED-4586-A9BA-24942BE38AC1}.Debug|x64.Build.0 = Debug|Any CPU
		{422D2583-3CED-4586-A9BA-24942BE38AC1}.Debug|x86.ActiveCfg = Debug|Any CPU
		{422D2583-3CED-4586-A9BA-24942BE38AC1}.Debug|x86.Build.0 = Debug|Any CPU
		{422D2583-3CED-4586-A9BA-24942BE38AC1}.Release|Any CPU.ActiveCfg = Release|Any CPU
		{422D2583-3CED-4586-A9BA-24942BE38AC1}.Release|Any CPU.Build.0 = Release|Any CPU
		{422D2583-3CED-4586-A9BA-24942BE38AC1}.Release|x64.ActiveCfg = Release|Any CPU
		{422D2583-3CED-4586-A9BA-24942BE38AC1}.Release|x64.Build.0 = Release|Any CPU
		{422D2583-3CED-4586-A9BA-24942BE38AC1}.Release|x86.ActiveCfg = Release|Any CPU
		{422D2583-3CED-4586-A9BA-24942BE38AC1}.Release|x86.Build.0 = Release|Any CPU
		{BDA61F93-A27D-4F52-98AD-58CFCB622888}.Debug|Any CPU.ActiveCfg = Debug|Any CPU
		{BDA61F93-A27D-4F52-98AD-58CFCB622888}.Debug|Any CPU.Build.0 = Debug|Any CPU
		{BDA61F93-A27D-4F52-98AD-58CFCB622888}.Debug|x64.ActiveCfg = Debug|Any CPU
		{BDA61F93-A27D-4F52-98AD-58CFCB622888}.Debug|x64.Build.0 = Debug|Any CPU
		{BDA61F93-A27D-4F52-98AD-58CFCB622888}.Debug|x86.ActiveCfg = Debug|Any CPU
		{BDA61F93-A27D-4F52-98AD-58CFCB622888}.Debug|x86.Build.0 = Debug|Any CPU
		{BDA61F93-A27D-4F52-98AD-58CFCB622888}.Release|Any CPU.ActiveCfg = Release|Any CPU
		{BDA61F93-A27D-4F52-98AD-58CFCB622888}.Release|Any CPU.Build.0 = Release|Any CPU
		{BDA61F93-A27D-4F52-98AD-58CFCB622888}.Release|x64.ActiveCfg = Release|Any CPU
		{BDA61F93-A27D-4F52-98AD-58CFCB622888}.Release|x64.Build.0 = Release|Any CPU
		{BDA61F93-A27D-4F52-98AD-58CFCB622888}.Release|x86.ActiveCfg = Release|Any CPU
		{BDA61F93-A27D-4F52-98AD-58CFCB622888}.Release|x86.Build.0 = Release|Any CPU
		{47D6BEB2-F025-4C78-8E87-F2812D021F04}.Debug|Any CPU.ActiveCfg = Debug|Any CPU
		{47D6BEB2-F025-4C78-8E87-F2812D021F04}.Debug|Any CPU.Build.0 = Debug|Any CPU
		{47D6BEB2-F025-4C78-8E87-F2812D021F04}.Debug|x64.ActiveCfg = Debug|Any CPU
		{47D6BEB2-F025-4C78-8E87-F2812D021F04}.Debug|x64.Build.0 = Debug|Any CPU
		{47D6BEB2-F025-4C78-8E87-F2812D021F04}.Debug|x86.ActiveCfg = Debug|Any CPU
		{47D6BEB2-F025-4C78-8E87-F2812D021F04}.Debug|x86.Build.0 = Debug|Any CPU
		{47D6BEB2-F025-4C78-8E87-F2812D021F04}.Release|Any CPU.ActiveCfg = Release|Any CPU
		{47D6BEB2-F025-4C78-8E87-F2812D021F04}.Release|Any CPU.Build.0 = Release|Any CPU
		{47D6BEB2-F025-4C78-8E87-F2812D021F04}.Release|x64.ActiveCfg = Release|Any CPU
		{47D6BEB2-F025-4C78-8E87-F2812D021F04}.Release|x64.Build.0 = Release|Any CPU
		{47D6BEB2-F025-4C78-8E87-F2812D021F04}.Release|x86.ActiveCfg = Release|Any CPU
		{47D6BEB2-F025-4C78-8E87-F2812D021F04}.Release|x86.Build.0 = Release|Any CPU
		{6046FBD4-D3AF-41B6-8BAA-474DC249D4CE}.Debug|Any CPU.ActiveCfg = Debug|Any CPU
		{6046FBD4-D3AF-41B6-8BAA-474DC249D4CE}.Debug|Any CPU.Build.0 = Debug|Any CPU
		{6046FBD4-D3AF-41B6-8BAA-474DC249D4CE}.Debug|x64.ActiveCfg = Debug|Any CPU
		{6046FBD4-D3AF-41B6-8BAA-474DC249D4CE}.Debug|x64.Build.0 = Debug|Any CPU
		{6046FBD4-D3AF-41B6-8BAA-474DC249D4CE}.Debug|x86.ActiveCfg = Debug|Any CPU
		{6046FBD4-D3AF-41B6-8BAA-474DC249D4CE}.Debug|x86.Build.0 = Debug|Any CPU
		{6046FBD4-D3AF-41B6-8BAA-474DC249D4CE}.Release|Any CPU.ActiveCfg = Release|Any CPU
		{6046FBD4-D3AF-41B6-8BAA-474DC249D4CE}.Release|Any CPU.Build.0 = Release|Any CPU
		{6046FBD4-D3AF-41B6-8BAA-474DC249D4CE}.Release|x64.ActiveCfg = Release|Any CPU
		{6046FBD4-D3AF-41B6-8BAA-474DC249D4CE}.Release|x64.Build.0 = Release|Any CPU
		{6046FBD4-D3AF-41B6-8BAA-474DC249D4CE}.Release|x86.ActiveCfg = Release|Any CPU
		{6046FBD4-D3AF-41B6-8BAA-474DC249D4CE}.Release|x86.Build.0 = Release|Any CPU
		{38767778-451D-48A0-BF25-0CE800A663BE}.Debug|Any CPU.ActiveCfg = Debug|Any CPU
		{38767778-451D-48A0-BF25-0CE800A663BE}.Debug|Any CPU.Build.0 = Debug|Any CPU
		{38767778-451D-48A0-BF25-0CE800A663BE}.Debug|x64.ActiveCfg = Debug|Any CPU
		{38767778-451D-48A0-BF25-0CE800A663BE}.Debug|x64.Build.0 = Debug|Any CPU
		{38767778-451D-48A0-BF25-0CE800A663BE}.Debug|x86.ActiveCfg = Debug|Any CPU
		{38767778-451D-48A0-BF25-0CE800A663BE}.Debug|x86.Build.0 = Debug|Any CPU
		{38767778-451D-48A0-BF25-0CE800A663BE}.Release|Any CPU.ActiveCfg = Release|Any CPU
		{38767778-451D-48A0-BF25-0CE800A663BE}.Release|Any CPU.Build.0 = Release|Any CPU
		{38767778-451D-48A0-BF25-0CE800A663BE}.Release|x64.ActiveCfg = Release|Any CPU
		{38767778-451D-48A0-BF25-0CE800A663BE}.Release|x64.Build.0 = Release|Any CPU
		{38767778-451D-48A0-BF25-0CE800A663BE}.Release|x86.ActiveCfg = Release|Any CPU
		{38767778-451D-48A0-BF25-0CE800A663BE}.Release|x86.Build.0 = Release|Any CPU
		{9ADC7F00-5AF7-4A80-BDA7-052F03B88F70}.Debug|Any CPU.ActiveCfg = Debug|Any CPU
		{9ADC7F00-5AF7-4A80-BDA7-052F03B88F70}.Debug|Any CPU.Build.0 = Debug|Any CPU
		{9ADC7F00-5AF7-4A80-BDA7-052F03B88F70}.Debug|x64.ActiveCfg = Debug|Any CPU
		{9ADC7F00-5AF7-4A80-BDA7-052F03B88F70}.Debug|x64.Build.0 = Debug|Any CPU
		{9ADC7F00-5AF7-4A80-BDA7-052F03B88F70}.Debug|x86.ActiveCfg = Debug|Any CPU
		{9ADC7F00-5AF7-4A80-BDA7-052F03B88F70}.Debug|x86.Build.0 = Debug|Any CPU
		{9ADC7F00-5AF7-4A80-BDA7-052F03B88F70}.Release|Any CPU.ActiveCfg = Release|Any CPU
		{9ADC7F00-5AF7-4A80-BDA7-052F03B88F70}.Release|Any CPU.Build.0 = Release|Any CPU
		{9ADC7F00-5AF7-4A80-BDA7-052F03B88F70}.Release|x64.ActiveCfg = Release|Any CPU
		{9ADC7F00-5AF7-4A80-BDA7-052F03B88F70}.Release|x64.Build.0 = Release|Any CPU
		{9ADC7F00-5AF7-4A80-BDA7-052F03B88F70}.Release|x86.ActiveCfg = Release|Any CPU
		{9ADC7F00-5AF7-4A80-BDA7-052F03B88F70}.Release|x86.Build.0 = Release|Any CPU
		{F7B64AD2-C6D9-472F-AD17-8CB33C8D31B5}.Debug|Any CPU.ActiveCfg = Debug|Any CPU
		{F7B64AD2-C6D9-472F-AD17-8CB33C8D31B5}.Debug|Any CPU.Build.0 = Debug|Any CPU
		{F7B64AD2-C6D9-472F-AD17-8CB33C8D31B5}.Debug|x64.ActiveCfg = Debug|Any CPU
		{F7B64AD2-C6D9-472F-AD17-8CB33C8D31B5}.Debug|x64.Build.0 = Debug|Any CPU
		{F7B64AD2-C6D9-472F-AD17-8CB33C8D31B5}.Debug|x86.ActiveCfg = Debug|Any CPU
		{F7B64AD2-C6D9-472F-AD17-8CB33C8D31B5}.Debug|x86.Build.0 = Debug|Any CPU
		{F7B64AD2-C6D9-472F-AD17-8CB33C8D31B5}.Release|Any CPU.ActiveCfg = Release|Any CPU
		{F7B64AD2-C6D9-472F-AD17-8CB33C8D31B5}.Release|Any CPU.Build.0 = Release|Any CPU
		{F7B64AD2-C6D9-472F-AD17-8CB33C8D31B5}.Release|x64.ActiveCfg = Release|Any CPU
		{F7B64AD2-C6D9-472F-AD17-8CB33C8D31B5}.Release|x64.Build.0 = Release|Any CPU
		{F7B64AD2-C6D9-472F-AD17-8CB33C8D31B5}.Release|x86.ActiveCfg = Release|Any CPU
		{F7B64AD2-C6D9-472F-AD17-8CB33C8D31B5}.Release|x86.Build.0 = Release|Any CPU
		{565C9D21-09E2-4281-8215-0AC9015F1898}.Debug|Any CPU.ActiveCfg = Debug|Any CPU
		{565C9D21-09E2-4281-8215-0AC9015F1898}.Debug|Any CPU.Build.0 = Debug|Any CPU
		{565C9D21-09E2-4281-8215-0AC9015F1898}.Debug|x64.ActiveCfg = Debug|Any CPU
		{565C9D21-09E2-4281-8215-0AC9015F1898}.Debug|x64.Build.0 = Debug|Any CPU
		{565C9D21-09E2-4281-8215-0AC9015F1898}.Debug|x86.ActiveCfg = Debug|Any CPU
		{565C9D21-09E2-4281-8215-0AC9015F1898}.Debug|x86.Build.0 = Debug|Any CPU
		{565C9D21-09E2-4281-8215-0AC9015F1898}.Release|Any CPU.ActiveCfg = Release|Any CPU
		{565C9D21-09E2-4281-8215-0AC9015F1898}.Release|Any CPU.Build.0 = Release|Any CPU
		{565C9D21-09E2-4281-8215-0AC9015F1898}.Release|x64.ActiveCfg = Release|Any CPU
		{565C9D21-09E2-4281-8215-0AC9015F1898}.Release|x64.Build.0 = Release|Any CPU
		{565C9D21-09E2-4281-8215-0AC9015F1898}.Release|x86.ActiveCfg = Release|Any CPU
		{565C9D21-09E2-4281-8215-0AC9015F1898}.Release|x86.Build.0 = Release|Any CPU
		{ADCF5AEE-3029-47AE-8460-D034EEF2B56E}.Debug|Any CPU.ActiveCfg = Debug|Any CPU
		{ADCF5AEE-3029-47AE-8460-D034EEF2B56E}.Debug|Any CPU.Build.0 = Debug|Any CPU
		{ADCF5AEE-3029-47AE-8460-D034EEF2B56E}.Debug|x64.ActiveCfg = Debug|Any CPU
		{ADCF5AEE-3029-47AE-8460-D034EEF2B56E}.Debug|x64.Build.0 = Debug|Any CPU
		{ADCF5AEE-3029-47AE-8460-D034EEF2B56E}.Debug|x86.ActiveCfg = Debug|Any CPU
		{ADCF5AEE-3029-47AE-8460-D034EEF2B56E}.Debug|x86.Build.0 = Debug|Any CPU
		{ADCF5AEE-3029-47AE-8460-D034EEF2B56E}.Release|Any CPU.ActiveCfg = Release|Any CPU
		{ADCF5AEE-3029-47AE-8460-D034EEF2B56E}.Release|Any CPU.Build.0 = Release|Any CPU
		{ADCF5AEE-3029-47AE-8460-D034EEF2B56E}.Release|x64.ActiveCfg = Release|Any CPU
		{ADCF5AEE-3029-47AE-8460-D034EEF2B56E}.Release|x64.Build.0 = Release|Any CPU
		{ADCF5AEE-3029-47AE-8460-D034EEF2B56E}.Release|x86.ActiveCfg = Release|Any CPU
		{ADCF5AEE-3029-47AE-8460-D034EEF2B56E}.Release|x86.Build.0 = Release|Any CPU
		{93000C7B-13A2-4750-9A04-5C9B09A507C0}.Debug|Any CPU.ActiveCfg = Debug|Any CPU
		{93000C7B-13A2-4750-9A04-5C9B09A507C0}.Debug|Any CPU.Build.0 = Debug|Any CPU
		{93000C7B-13A2-4750-9A04-5C9B09A507C0}.Debug|x64.ActiveCfg = Debug|Any CPU
		{93000C7B-13A2-4750-9A04-5C9B09A507C0}.Debug|x64.Build.0 = Debug|Any CPU
		{93000C7B-13A2-4750-9A04-5C9B09A507C0}.Debug|x86.ActiveCfg = Debug|Any CPU
		{93000C7B-13A2-4750-9A04-5C9B09A507C0}.Debug|x86.Build.0 = Debug|Any CPU
		{93000C7B-13A2-4750-9A04-5C9B09A507C0}.Release|Any CPU.ActiveCfg = Release|Any CPU
		{93000C7B-13A2-4750-9A04-5C9B09A507C0}.Release|Any CPU.Build.0 = Release|Any CPU
		{93000C7B-13A2-4750-9A04-5C9B09A507C0}.Release|x64.ActiveCfg = Release|Any CPU
		{93000C7B-13A2-4750-9A04-5C9B09A507C0}.Release|x64.Build.0 = Release|Any CPU
		{93000C7B-13A2-4750-9A04-5C9B09A507C0}.Release|x86.ActiveCfg = Release|Any CPU
		{93000C7B-13A2-4750-9A04-5C9B09A507C0}.Release|x86.Build.0 = Release|Any CPU
		{EB97C7F6-ADF4-4AA5-A5C9-37CD6DC7A73D}.Debug|Any CPU.ActiveCfg = Debug|Any CPU
		{EB97C7F6-ADF4-4AA5-A5C9-37CD6DC7A73D}.Debug|Any CPU.Build.0 = Debug|Any CPU
		{EB97C7F6-ADF4-4AA5-A5C9-37CD6DC7A73D}.Debug|x64.ActiveCfg = Debug|Any CPU
		{EB97C7F6-ADF4-4AA5-A5C9-37CD6DC7A73D}.Debug|x64.Build.0 = Debug|Any CPU
		{EB97C7F6-ADF4-4AA5-A5C9-37CD6DC7A73D}.Debug|x86.ActiveCfg = Debug|Any CPU
		{EB97C7F6-ADF4-4AA5-A5C9-37CD6DC7A73D}.Debug|x86.Build.0 = Debug|Any CPU
		{EB97C7F6-ADF4-4AA5-A5C9-37CD6DC7A73D}.Release|Any CPU.ActiveCfg = Release|Any CPU
		{EB97C7F6-ADF4-4AA5-A5C9-37CD6DC7A73D}.Release|Any CPU.Build.0 = Release|Any CPU
		{EB97C7F6-ADF4-4AA5-A5C9-37CD6DC7A73D}.Release|x64.ActiveCfg = Release|Any CPU
		{EB97C7F6-ADF4-4AA5-A5C9-37CD6DC7A73D}.Release|x64.Build.0 = Release|Any CPU
		{EB97C7F6-ADF4-4AA5-A5C9-37CD6DC7A73D}.Release|x86.ActiveCfg = Release|Any CPU
		{EB97C7F6-ADF4-4AA5-A5C9-37CD6DC7A73D}.Release|x86.Build.0 = Release|Any CPU
		{20022A4A-507F-4DE6-9E98-D612035910EC}.Debug|Any CPU.ActiveCfg = Debug|Any CPU
		{20022A4A-507F-4DE6-9E98-D612035910EC}.Debug|Any CPU.Build.0 = Debug|Any CPU
		{20022A4A-507F-4DE6-9E98-D612035910EC}.Debug|x64.ActiveCfg = Debug|Any CPU
		{20022A4A-507F-4DE6-9E98-D612035910EC}.Debug|x64.Build.0 = Debug|Any CPU
		{20022A4A-507F-4DE6-9E98-D612035910EC}.Debug|x86.ActiveCfg = Debug|Any CPU
		{20022A4A-507F-4DE6-9E98-D612035910EC}.Debug|x86.Build.0 = Debug|Any CPU
		{20022A4A-507F-4DE6-9E98-D612035910EC}.Release|Any CPU.ActiveCfg = Release|Any CPU
		{20022A4A-507F-4DE6-9E98-D612035910EC}.Release|Any CPU.Build.0 = Release|Any CPU
		{20022A4A-507F-4DE6-9E98-D612035910EC}.Release|x64.ActiveCfg = Release|Any CPU
		{20022A4A-507F-4DE6-9E98-D612035910EC}.Release|x64.Build.0 = Release|Any CPU
		{20022A4A-507F-4DE6-9E98-D612035910EC}.Release|x86.ActiveCfg = Release|Any CPU
		{20022A4A-507F-4DE6-9E98-D612035910EC}.Release|x86.Build.0 = Release|Any CPU
		{57E9CCF3-4AB7-40FA-9C53-3CF88CB980E7}.Debug|Any CPU.ActiveCfg = Debug|Any CPU
		{57E9CCF3-4AB7-40FA-9C53-3CF88CB980E7}.Debug|Any CPU.Build.0 = Debug|Any CPU
		{57E9CCF3-4AB7-40FA-9C53-3CF88CB980E7}.Debug|x64.ActiveCfg = Debug|Any CPU
		{57E9CCF3-4AB7-40FA-9C53-3CF88CB980E7}.Debug|x64.Build.0 = Debug|Any CPU
		{57E9CCF3-4AB7-40FA-9C53-3CF88CB980E7}.Debug|x86.ActiveCfg = Debug|Any CPU
		{57E9CCF3-4AB7-40FA-9C53-3CF88CB980E7}.Debug|x86.Build.0 = Debug|Any CPU
		{57E9CCF3-4AB7-40FA-9C53-3CF88CB980E7}.Release|Any CPU.ActiveCfg = Release|Any CPU
		{57E9CCF3-4AB7-40FA-9C53-3CF88CB980E7}.Release|Any CPU.Build.0 = Release|Any CPU
		{57E9CCF3-4AB7-40FA-9C53-3CF88CB980E7}.Release|x64.ActiveCfg = Release|Any CPU
		{57E9CCF3-4AB7-40FA-9C53-3CF88CB980E7}.Release|x64.Build.0 = Release|Any CPU
		{57E9CCF3-4AB7-40FA-9C53-3CF88CB980E7}.Release|x86.ActiveCfg = Release|Any CPU
		{57E9CCF3-4AB7-40FA-9C53-3CF88CB980E7}.Release|x86.Build.0 = Release|Any CPU
		{85D6D63D-EA7B-4C09-818A-4717C7173D6D}.Debug|Any CPU.ActiveCfg = Debug|Any CPU
		{85D6D63D-EA7B-4C09-818A-4717C7173D6D}.Debug|Any CPU.Build.0 = Debug|Any CPU
		{85D6D63D-EA7B-4C09-818A-4717C7173D6D}.Debug|x64.ActiveCfg = Debug|Any CPU
		{85D6D63D-EA7B-4C09-818A-4717C7173D6D}.Debug|x64.Build.0 = Debug|Any CPU
		{85D6D63D-EA7B-4C09-818A-4717C7173D6D}.Debug|x86.ActiveCfg = Debug|Any CPU
		{85D6D63D-EA7B-4C09-818A-4717C7173D6D}.Debug|x86.Build.0 = Debug|Any CPU
		{85D6D63D-EA7B-4C09-818A-4717C7173D6D}.Release|Any CPU.ActiveCfg = Release|Any CPU
		{85D6D63D-EA7B-4C09-818A-4717C7173D6D}.Release|Any CPU.Build.0 = Release|Any CPU
		{85D6D63D-EA7B-4C09-818A-4717C7173D6D}.Release|x64.ActiveCfg = Release|Any CPU
		{85D6D63D-EA7B-4C09-818A-4717C7173D6D}.Release|x64.Build.0 = Release|Any CPU
		{85D6D63D-EA7B-4C09-818A-4717C7173D6D}.Release|x86.ActiveCfg = Release|Any CPU
		{85D6D63D-EA7B-4C09-818A-4717C7173D6D}.Release|x86.Build.0 = Release|Any CPU
		{15B3FF64-EF39-4454-A9DE-6C8CB75E78F5}.Debug|Any CPU.ActiveCfg = Debug|Any CPU
		{15B3FF64-EF39-4454-A9DE-6C8CB75E78F5}.Debug|Any CPU.Build.0 = Debug|Any CPU
		{15B3FF64-EF39-4454-A9DE-6C8CB75E78F5}.Debug|x64.ActiveCfg = Debug|Any CPU
		{15B3FF64-EF39-4454-A9DE-6C8CB75E78F5}.Debug|x64.Build.0 = Debug|Any CPU
		{15B3FF64-EF39-4454-A9DE-6C8CB75E78F5}.Debug|x86.ActiveCfg = Debug|Any CPU
		{15B3FF64-EF39-4454-A9DE-6C8CB75E78F5}.Debug|x86.Build.0 = Debug|Any CPU
		{15B3FF64-EF39-4454-A9DE-6C8CB75E78F5}.Release|Any CPU.ActiveCfg = Release|Any CPU
		{15B3FF64-EF39-4454-A9DE-6C8CB75E78F5}.Release|Any CPU.Build.0 = Release|Any CPU
		{15B3FF64-EF39-4454-A9DE-6C8CB75E78F5}.Release|x64.ActiveCfg = Release|Any CPU
		{15B3FF64-EF39-4454-A9DE-6C8CB75E78F5}.Release|x64.Build.0 = Release|Any CPU
		{15B3FF64-EF39-4454-A9DE-6C8CB75E78F5}.Release|x86.ActiveCfg = Release|Any CPU
		{15B3FF64-EF39-4454-A9DE-6C8CB75E78F5}.Release|x86.Build.0 = Release|Any CPU
		{CFB7168D-712E-43BB-AC13-314BAC1C5897}.Debug|Any CPU.ActiveCfg = Debug|Any CPU
		{CFB7168D-712E-43BB-AC13-314BAC1C5897}.Debug|Any CPU.Build.0 = Debug|Any CPU
		{CFB7168D-712E-43BB-AC13-314BAC1C5897}.Debug|x64.ActiveCfg = Debug|Any CPU
		{CFB7168D-712E-43BB-AC13-314BAC1C5897}.Debug|x64.Build.0 = Debug|Any CPU
		{CFB7168D-712E-43BB-AC13-314BAC1C5897}.Debug|x86.ActiveCfg = Debug|Any CPU
		{CFB7168D-712E-43BB-AC13-314BAC1C5897}.Debug|x86.Build.0 = Debug|Any CPU
		{CFB7168D-712E-43BB-AC13-314BAC1C5897}.Release|Any CPU.ActiveCfg = Release|Any CPU
		{CFB7168D-712E-43BB-AC13-314BAC1C5897}.Release|Any CPU.Build.0 = Release|Any CPU
		{CFB7168D-712E-43BB-AC13-314BAC1C5897}.Release|x64.ActiveCfg = Release|Any CPU
		{CFB7168D-712E-43BB-AC13-314BAC1C5897}.Release|x64.Build.0 = Release|Any CPU
		{CFB7168D-712E-43BB-AC13-314BAC1C5897}.Release|x86.ActiveCfg = Release|Any CPU
		{CFB7168D-712E-43BB-AC13-314BAC1C5897}.Release|x86.Build.0 = Release|Any CPU
		{F44BC67E-A519-45E9-9262-74DA94BB426A}.Debug|Any CPU.ActiveCfg = Debug|Any CPU
		{F44BC67E-A519-45E9-9262-74DA94BB426A}.Debug|Any CPU.Build.0 = Debug|Any CPU
		{F44BC67E-A519-45E9-9262-74DA94BB426A}.Debug|x64.ActiveCfg = Debug|Any CPU
		{F44BC67E-A519-45E9-9262-74DA94BB426A}.Debug|x64.Build.0 = Debug|Any CPU
		{F44BC67E-A519-45E9-9262-74DA94BB426A}.Debug|x86.ActiveCfg = Debug|Any CPU
		{F44BC67E-A519-45E9-9262-74DA94BB426A}.Debug|x86.Build.0 = Debug|Any CPU
		{F44BC67E-A519-45E9-9262-74DA94BB426A}.Release|Any CPU.ActiveCfg = Release|Any CPU
		{F44BC67E-A519-45E9-9262-74DA94BB426A}.Release|Any CPU.Build.0 = Release|Any CPU
		{F44BC67E-A519-45E9-9262-74DA94BB426A}.Release|x64.ActiveCfg = Release|Any CPU
		{F44BC67E-A519-45E9-9262-74DA94BB426A}.Release|x64.Build.0 = Release|Any CPU
		{F44BC67E-A519-45E9-9262-74DA94BB426A}.Release|x86.ActiveCfg = Release|Any CPU
		{F44BC67E-A519-45E9-9262-74DA94BB426A}.Release|x86.Build.0 = Release|Any CPU
		{2F81B0E5-6869-41C2-8675-86A06DB08544}.Debug|Any CPU.ActiveCfg = Debug|Any CPU
		{2F81B0E5-6869-41C2-8675-86A06DB08544}.Debug|Any CPU.Build.0 = Debug|Any CPU
		{2F81B0E5-6869-41C2-8675-86A06DB08544}.Debug|x64.ActiveCfg = Debug|Any CPU
		{2F81B0E5-6869-41C2-8675-86A06DB08544}.Debug|x64.Build.0 = Debug|Any CPU
		{2F81B0E5-6869-41C2-8675-86A06DB08544}.Debug|x86.ActiveCfg = Debug|Any CPU
		{2F81B0E5-6869-41C2-8675-86A06DB08544}.Debug|x86.Build.0 = Debug|Any CPU
		{2F81B0E5-6869-41C2-8675-86A06DB08544}.Release|Any CPU.ActiveCfg = Release|Any CPU
		{2F81B0E5-6869-41C2-8675-86A06DB08544}.Release|Any CPU.Build.0 = Release|Any CPU
		{2F81B0E5-6869-41C2-8675-86A06DB08544}.Release|x64.ActiveCfg = Release|Any CPU
		{2F81B0E5-6869-41C2-8675-86A06DB08544}.Release|x64.Build.0 = Release|Any CPU
		{2F81B0E5-6869-41C2-8675-86A06DB08544}.Release|x86.ActiveCfg = Release|Any CPU
		{2F81B0E5-6869-41C2-8675-86A06DB08544}.Release|x86.Build.0 = Release|Any CPU
		{0162D611-BD07-487B-924A-FFC86B29E28B}.Debug|Any CPU.ActiveCfg = Debug|Any CPU
		{0162D611-BD07-487B-924A-FFC86B29E28B}.Debug|Any CPU.Build.0 = Debug|Any CPU
		{0162D611-BD07-487B-924A-FFC86B29E28B}.Debug|x64.ActiveCfg = Debug|Any CPU
		{0162D611-BD07-487B-924A-FFC86B29E28B}.Debug|x64.Build.0 = Debug|Any CPU
		{0162D611-BD07-487B-924A-FFC86B29E28B}.Debug|x86.ActiveCfg = Debug|Any CPU
		{0162D611-BD07-487B-924A-FFC86B29E28B}.Debug|x86.Build.0 = Debug|Any CPU
		{0162D611-BD07-487B-924A-FFC86B29E28B}.Release|Any CPU.ActiveCfg = Release|Any CPU
		{0162D611-BD07-487B-924A-FFC86B29E28B}.Release|Any CPU.Build.0 = Release|Any CPU
		{0162D611-BD07-487B-924A-FFC86B29E28B}.Release|x64.ActiveCfg = Release|Any CPU
		{0162D611-BD07-487B-924A-FFC86B29E28B}.Release|x64.Build.0 = Release|Any CPU
		{0162D611-BD07-487B-924A-FFC86B29E28B}.Release|x86.ActiveCfg = Release|Any CPU
		{0162D611-BD07-487B-924A-FFC86B29E28B}.Release|x86.Build.0 = Release|Any CPU
		{D88BD5B9-4181-4D21-A91D-414EAD6A8637}.Debug|Any CPU.ActiveCfg = Debug|Any CPU
		{D88BD5B9-4181-4D21-A91D-414EAD6A8637}.Debug|Any CPU.Build.0 = Debug|Any CPU
		{D88BD5B9-4181-4D21-A91D-414EAD6A8637}.Debug|x64.ActiveCfg = Debug|Any CPU
		{D88BD5B9-4181-4D21-A91D-414EAD6A8637}.Debug|x64.Build.0 = Debug|Any CPU
		{D88BD5B9-4181-4D21-A91D-414EAD6A8637}.Debug|x86.ActiveCfg = Debug|Any CPU
		{D88BD5B9-4181-4D21-A91D-414EAD6A8637}.Debug|x86.Build.0 = Debug|Any CPU
		{D88BD5B9-4181-4D21-A91D-414EAD6A8637}.Release|Any CPU.ActiveCfg = Release|Any CPU
		{D88BD5B9-4181-4D21-A91D-414EAD6A8637}.Release|Any CPU.Build.0 = Release|Any CPU
		{D88BD5B9-4181-4D21-A91D-414EAD6A8637}.Release|x64.ActiveCfg = Release|Any CPU
		{D88BD5B9-4181-4D21-A91D-414EAD6A8637}.Release|x64.Build.0 = Release|Any CPU
		{D88BD5B9-4181-4D21-A91D-414EAD6A8637}.Release|x86.ActiveCfg = Release|Any CPU
		{D88BD5B9-4181-4D21-A91D-414EAD6A8637}.Release|x86.Build.0 = Release|Any CPU
	EndGlobalSection
EndGlobal
